// !$*UTF8*$!
{
	archiveVersion = 1;
	classes = {
	};
	objectVersion = 46;
	objects = {

/* Begin PBXBuildFile section */
		83018D7918898CB7001804E7 /* MergekSortedLists .cpp in Sources */ = {isa = PBXBuildFile; fileRef = 83018D7718898CB7001804E7 /* MergekSortedLists .cpp */; };
		83030E8E188E970700BCB658 /* LongestSubstringWithoutRepeatingCharacters.cpp in Sources */ = {isa = PBXBuildFile; fileRef = 83030E8D188E970700BCB658 /* LongestSubstringWithoutRepeatingCharacters.cpp */; };
		8308FD611890B72D00C98C20 /* MinimumDepthofBinaryTree.cpp in Sources */ = {isa = PBXBuildFile; fileRef = 8308FD5F1890B72D00C98C20 /* MinimumDepthofBinaryTree.cpp */; };
		830BA44118C75CC800FB26E7 /* RegularExpressionMatching.cpp in Sources */ = {isa = PBXBuildFile; fileRef = 830BA43F18C75CC800FB26E7 /* RegularExpressionMatching.cpp */; };
		83127D861892C81B00EEBC41 /* Permutations.cpp in Sources */ = {isa = PBXBuildFile; fileRef = 83127D841892C81B00EEBC41 /* Permutations.cpp */; };
		83145ED718BB23AE00D2AD69 /* WordSearch.cpp in Sources */ = {isa = PBXBuildFile; fileRef = 83145ED518BB23AE00D2AD69 /* WordSearch.cpp */; };
		8319C2B41890D63A00A5A39A /* BinaryTreeLevelOrderTraversal.cpp in Sources */ = {isa = PBXBuildFile; fileRef = 8319C2B21890D63A00A5A39A /* BinaryTreeLevelOrderTraversal.cpp */; };
		8325AFC918C0222600D5AC70 /* LongestCommonPrefix.cpp in Sources */ = {isa = PBXBuildFile; fileRef = 8325AFC718C0222600D5AC70 /* LongestCommonPrefix.cpp */; };
		832E1C3D1882C8C4001BA17B /* searchRotatedArray.c in Sources */ = {isa = PBXBuildFile; fileRef = 832E1C3C1882C8C4001BA17B /* searchRotatedArray.c */; };
		833BBF8C18C85A950033427A /* ContainerWithMostWater.cpp in Sources */ = {isa = PBXBuildFile; fileRef = 833BBF8A18C85A950033427A /* ContainerWithMostWater.cpp */; };
		833C183B18B5E95900C42174 /* PermutationsUnique.cpp in Sources */ = {isa = PBXBuildFile; fileRef = 833C183918B5E95900C42174 /* PermutationsUnique.cpp */; };
		83475A6418C17C2700901E60 /* MinimumWindowSubstring.cpp in Sources */ = {isa = PBXBuildFile; fileRef = 83475A6218C17C2700901E60 /* MinimumWindowSubstring.cpp */; };
		835EF74518CB6AD300AE0528 /* BestTimetoBuyandSellStockIII.cpp in Sources */ = {isa = PBXBuildFile; fileRef = 835EF74318CB6AD300AE0528 /* BestTimetoBuyandSellStockIII.cpp */; };
		835EF74818CB713E00AE0528 /* BestTimetoBuyandSellStockIIIV2.cpp in Sources */ = {isa = PBXBuildFile; fileRef = 835EF74618CB713E00AE0528 /* BestTimetoBuyandSellStockIIIV2.cpp */; };
		8360FC9218C00454008CEAFB /* atoi.cpp in Sources */ = {isa = PBXBuildFile; fileRef = 8360FC9018C00454008CEAFB /* atoi.cpp */; };
		8363941B18C8A78C004DA211 /* WordBreak.cpp in Sources */ = {isa = PBXBuildFile; fileRef = 8363941918C8A78C004DA211 /* WordBreak.cpp */; };
		836424C718BF7342007A948A /* SearchInsertPosition.cpp in Sources */ = {isa = PBXBuildFile; fileRef = 836424C518BF7342007A948A /* SearchInsertPosition.cpp */; };
		8367439E189016670051E377 /* numTrees.cpp in Sources */ = {isa = PBXBuildFile; fileRef = 8367439D189016670051E377 /* numTrees.cpp */; };
		836D712E188D030B00B553B2 /* ConvertSortedArraytoBinarySearchTree.cpp in Sources */ = {isa = PBXBuildFile; fileRef = 836D712C188D030B00B553B2 /* ConvertSortedArraytoBinarySearchTree.cpp */; };
		83873800188EB1B2001732CE /* addTwoNumbers.c in Sources */ = {isa = PBXBuildFile; fileRef = 838737FF188EB1B2001732CE /* addTwoNumbers.c */; };
		83873803188EB5FB001732CE /* addTwoNumbers.cpp in Sources */ = {isa = PBXBuildFile; fileRef = 83873801188EB5FB001732CE /* addTwoNumbers.cpp */; };
		838EEF4918C16E0100B48B4D /* ValidParentheses.cpp in Sources */ = {isa = PBXBuildFile; fileRef = 838EEF4718C16E0100B48B4D /* ValidParentheses.cpp */; };
		8390160718CE9117002F6209 /* ConstructBinaryTreefromInorderandPostorderTraversal.cpp in Sources */ = {isa = PBXBuildFile; fileRef = 8390160518CE9117002F6209 /* ConstructBinaryTreefromInorderandPostorderTraversal.cpp */; };
		8396902218C9B51A008F28B7 /* BestTimetoBuyandSellStockII.cpp in Sources */ = {isa = PBXBuildFile; fileRef = 8396902018C9B51A008F28B7 /* BestTimetoBuyandSellStockII.cpp */; };
		839A7F44188FA9E900F55146 /* ZigZagConversion.cpp in Sources */ = {isa = PBXBuildFile; fileRef = 839A7F42188FA9E900F55146 /* ZigZagConversion.cpp */; };
		839C7A8A18BDB74000ED2D07 /* SearchforaRange.cpp in Sources */ = {isa = PBXBuildFile; fileRef = 839C7A8818BDB74000ED2D07 /* SearchforaRange.cpp */; };
		839E860418C07AF9001EC25A /* SubstringwithConcatenationofAllWords.cpp in Sources */ = {isa = PBXBuildFile; fileRef = 839E860218C07AF9001EC25A /* SubstringwithConcatenationofAllWords.cpp */; };
		839FECE018C8BEE10011EAE3 /* WordBreakII .cpp in Sources */ = {isa = PBXBuildFile; fileRef = 839FECDE18C8BEE10011EAE3 /* WordBreakII .cpp */; };
		83A0982E18B72E0C00C923AA /* PermutationSequence.cpp in Sources */ = {isa = PBXBuildFile; fileRef = 83A0982C18B72E0C00C923AA /* PermutationSequence.cpp */; };
		83A0983118B73C8200C923AA /* Subsets.cpp in Sources */ = {isa = PBXBuildFile; fileRef = 83A0982F18B73C8200C923AA /* Subsets.cpp */; };
		83A0983418B747AF00C923AA /* SubsetsII.cpp in Sources */ = {isa = PBXBuildFile; fileRef = 83A0983218B747AF00C923AA /* SubsetsII.cpp */; };
		83A8916518CC5CEB004549F5 /* BinaryTreeMaximumPathSum.cpp in Sources */ = {isa = PBXBuildFile; fileRef = 83A8916318CC5CEB004549F5 /* BinaryTreeMaximumPathSum.cpp */; };
		83AB5A7818CDF42B004E5F19 /* BinaryTreeZigzagLevelOrderTraversal.cpp in Sources */ = {isa = PBXBuildFile; fileRef = 83AB5A7618CDF42B004E5F19 /* BinaryTreeZigzagLevelOrderTraversal.cpp */; };
		83AE797D18C87A480085A885 /* MinimumPathSum.cpp in Sources */ = {isa = PBXBuildFile; fileRef = 83AE797B18C87A480085A885 /* MinimumPathSum.cpp */; };
		83B2072618BAF02000F8785D /* SingleNumber.cpp in Sources */ = {isa = PBXBuildFile; fileRef = 83B2072418BAF02000F8785D /* SingleNumber.cpp */; };
		83B2F60D18CABE09008A33DE /* LargestRectangularAreainaHistogramV3.cpp in Sources */ = {isa = PBXBuildFile; fileRef = 83B2F60B18CABE09008A33DE /* LargestRectangularAreainaHistogramV3.cpp */; };
		83B4D92618C9AC39006360C7 /* BestTimetoBuyandSellStock.cpp in Sources */ = {isa = PBXBuildFile; fileRef = 83B4D92418C9AC39006360C7 /* BestTimetoBuyandSellStock.cpp */; };
		83B8DF3018BA44F6005F3091 /* PartitionList.cpp in Sources */ = {isa = PBXBuildFile; fileRef = 83B8DF2E18BA44F6005F3091 /* PartitionList.cpp */; };
		83C0715818CB08D4001F981A /* MaximalRectangle.cpp in Sources */ = {isa = PBXBuildFile; fileRef = 83C0715618CB08D4001F981A /* MaximalRectangle.cpp */; };
		83C4404018CC52FB0003B741 /* PathSum.cpp in Sources */ = {isa = PBXBuildFile; fileRef = 83C4403E18CC52FB0003B741 /* PathSum.cpp */; };
		83C4404318CC57E40003B741 /* PathSumII.cpp in Sources */ = {isa = PBXBuildFile; fileRef = 83C4404118CC57E40003B741 /* PathSumII.cpp */; };
		83CD84C418B8680A00690655 /* Combinations.cpp in Sources */ = {isa = PBXBuildFile; fileRef = 83CD84C218B8680A00690655 /* Combinations.cpp */; };
		83CD84C718B86B5B00690655 /* CombinationSum.cpp in Sources */ = {isa = PBXBuildFile; fileRef = 83CD84C518B86B5B00690655 /* CombinationSum.cpp */; };
		83CE163818BDCBD60081A8E3 /* SearchinRotatedSortedArray.cpp in Sources */ = {isa = PBXBuildFile; fileRef = 83CE163618BDCBD60081A8E3 /* SearchinRotatedSortedArray.cpp */; };
		83CE163B18BDD4E70081A8E3 /* SqrtX.cpp in Sources */ = {isa = PBXBuildFile; fileRef = 83CE163918BDD4E70081A8E3 /* SqrtX.cpp */; };
		83D0D2C018B8FA120089A15F /* SwapNodesinPairs.cpp in Sources */ = {isa = PBXBuildFile; fileRef = 83D0D2BE18B8FA120089A15F /* SwapNodesinPairs.cpp */; };
		83D6739C18CD3916007532E8 /* BalancedBinaryTree.cpp in Sources */ = {isa = PBXBuildFile; fileRef = 83D6739A18CD3916007532E8 /* BalancedBinaryTree.cpp */; };
		83D6739F18CD3CAE007532E8 /* SymmetricTree.cpp in Sources */ = {isa = PBXBuildFile; fileRef = 83D6739D18CD3CAE007532E8 /* SymmetricTree.cpp */; };
		83D900BC18CEDE80002A40CF /* BinaryTreePreorderTraversal.cpp in Sources */ = {isa = PBXBuildFile; fileRef = 83D900BA18CEDE80002A40CF /* BinaryTreePreorderTraversal.cpp */; };
		83E6C6CB18828E7F006D399B /* main.cpp in Sources */ = {isa = PBXBuildFile; fileRef = 83E6C6CA18828E7F006D399B /* main.cpp */; };
		83E6C6CD18828E7F006D399B /* LeetCode.1 in CopyFiles */ = {isa = PBXBuildFile; fileRef = 83E6C6CC18828E7F006D399B /* LeetCode.1 */; };
		83E6C6D418828E8E006D399B /* findMedianSortedArrays.c in Sources */ = {isa = PBXBuildFile; fileRef = 83E6C6D318828E8E006D399B /* findMedianSortedArrays.c */; };
		83E95BC9188D4B7D00E8F548 /* 2Sum.cpp in Sources */ = {isa = PBXBuildFile; fileRef = 83E95BC7188D4B7D00E8F548 /* 2Sum.cpp */; };
		83EA49DC18B6383100415EE1 /* NextPermutation.cpp in Sources */ = {isa = PBXBuildFile; fileRef = 83EA49DA18B6383100415EE1 /* NextPermutation.cpp */; };
		83F54AE118CA1B85001698BA /* LargestRectangularAreainaHistogram.cpp in Sources */ = {isa = PBXBuildFile; fileRef = 83F54ADF18CA1B85001698BA /* LargestRectangularAreainaHistogram.cpp */; };
		83F54AE418CAA25F001698BA /* LargestRectangularAreainaHistogramV2.cpp in Sources */ = {isa = PBXBuildFile; fileRef = 83F54AE218CAA25F001698BA /* LargestRectangularAreainaHistogramV2.cpp */; };
/* End PBXBuildFile section */

/* Begin PBXCopyFilesBuildPhase section */
		83E6C6C518828E7F006D399B /* CopyFiles */ = {
			isa = PBXCopyFilesBuildPhase;
			buildActionMask = 2147483647;
			dstPath = /usr/share/man/man1/;
			dstSubfolderSpec = 0;
			files = (
				83E6C6CD18828E7F006D399B /* LeetCode.1 in CopyFiles */,
			);
			runOnlyForDeploymentPostprocessing = 1;
		};
/* End PBXCopyFilesBuildPhase section */

/* Begin PBXFileReference section */
		83018D7718898CB7001804E7 /* MergekSortedLists .cpp */ = {isa = PBXFileReference; fileEncoding = 4; lastKnownFileType = sourcecode.cpp.cpp; path = "MergekSortedLists .cpp"; sourceTree = "<group>"; };
		83018D7818898CB7001804E7 /* MergekSortedLists .h */ = {isa = PBXFileReference; fileEncoding = 4; lastKnownFileType = sourcecode.c.h; path = "MergekSortedLists .h"; sourceTree = "<group>"; };
		83030E8D188E970700BCB658 /* LongestSubstringWithoutRepeatingCharacters.cpp */ = {isa = PBXFileReference; fileEncoding = 4; lastKnownFileType = sourcecode.cpp.cpp; path = LongestSubstringWithoutRepeatingCharacters.cpp; sourceTree = "<group>"; };
		8308FD5F1890B72D00C98C20 /* MinimumDepthofBinaryTree.cpp */ = {isa = PBXFileReference; fileEncoding = 4; lastKnownFileType = sourcecode.cpp.cpp; path = MinimumDepthofBinaryTree.cpp; sourceTree = "<group>"; };
		8308FD601890B72D00C98C20 /* MinimumDepthofBinaryTree.h */ = {isa = PBXFileReference; fileEncoding = 4; lastKnownFileType = sourcecode.c.h; path = MinimumDepthofBinaryTree.h; sourceTree = "<group>"; };
		830BA43F18C75CC800FB26E7 /* RegularExpressionMatching.cpp */ = {isa = PBXFileReference; fileEncoding = 4; lastKnownFileType = sourcecode.cpp.cpp; path = RegularExpressionMatching.cpp; sourceTree = "<group>"; };
		830BA44018C75CC800FB26E7 /* RegularExpressionMatching.h */ = {isa = PBXFileReference; fileEncoding = 4; lastKnownFileType = sourcecode.c.h; path = RegularExpressionMatching.h; sourceTree = "<group>"; };
		83127D841892C81B00EEBC41 /* Permutations.cpp */ = {isa = PBXFileReference; fileEncoding = 4; lastKnownFileType = sourcecode.cpp.cpp; path = Permutations.cpp; sourceTree = "<group>"; };
		83127D851892C81B00EEBC41 /* Permutations.h */ = {isa = PBXFileReference; fileEncoding = 4; lastKnownFileType = sourcecode.c.h; path = Permutations.h; sourceTree = "<group>"; };
		83145ED518BB23AE00D2AD69 /* WordSearch.cpp */ = {isa = PBXFileReference; fileEncoding = 4; lastKnownFileType = sourcecode.cpp.cpp; path = WordSearch.cpp; sourceTree = "<group>"; };
		83145ED618BB23AE00D2AD69 /* WordSearch.h */ = {isa = PBXFileReference; fileEncoding = 4; lastKnownFileType = sourcecode.c.h; path = WordSearch.h; sourceTree = "<group>"; };
		8319C2B21890D63A00A5A39A /* BinaryTreeLevelOrderTraversal.cpp */ = {isa = PBXFileReference; fileEncoding = 4; lastKnownFileType = sourcecode.cpp.cpp; path = BinaryTreeLevelOrderTraversal.cpp; sourceTree = "<group>"; };
		8319C2B31890D63A00A5A39A /* BinaryTreeLevelOrderTraversal.h */ = {isa = PBXFileReference; fileEncoding = 4; lastKnownFileType = sourcecode.c.h; path = BinaryTreeLevelOrderTraversal.h; sourceTree = "<group>"; };
		8325AFC718C0222600D5AC70 /* LongestCommonPrefix.cpp */ = {isa = PBXFileReference; fileEncoding = 4; lastKnownFileType = sourcecode.cpp.cpp; path = LongestCommonPrefix.cpp; sourceTree = "<group>"; };
		8325AFC818C0222600D5AC70 /* LongestCommonPrefix.h */ = {isa = PBXFileReference; fileEncoding = 4; lastKnownFileType = sourcecode.c.h; path = LongestCommonPrefix.h; sourceTree = "<group>"; };
		832E1C3C1882C8C4001BA17B /* searchRotatedArray.c */ = {isa = PBXFileReference; fileEncoding = 4; lastKnownFileType = sourcecode.c.c; path = searchRotatedArray.c; sourceTree = "<group>"; };
		833BBF8A18C85A950033427A /* ContainerWithMostWater.cpp */ = {isa = PBXFileReference; fileEncoding = 4; lastKnownFileType = sourcecode.cpp.cpp; path = ContainerWithMostWater.cpp; sourceTree = "<group>"; };
		833BBF8B18C85A950033427A /* ContainerWithMostWater.h */ = {isa = PBXFileReference; fileEncoding = 4; lastKnownFileType = sourcecode.c.h; path = ContainerWithMostWater.h; sourceTree = "<group>"; };
		833C183918B5E95900C42174 /* PermutationsUnique.cpp */ = {isa = PBXFileReference; fileEncoding = 4; lastKnownFileType = sourcecode.cpp.cpp; path = PermutationsUnique.cpp; sourceTree = "<group>"; };
		833C183A18B5E95900C42174 /* PermutationsUnique.h */ = {isa = PBXFileReference; fileEncoding = 4; lastKnownFileType = sourcecode.c.h; path = PermutationsUnique.h; sourceTree = "<group>"; };
		83475A6218C17C2700901E60 /* MinimumWindowSubstring.cpp */ = {isa = PBXFileReference; fileEncoding = 4; lastKnownFileType = sourcecode.cpp.cpp; path = MinimumWindowSubstring.cpp; sourceTree = "<group>"; };
		83475A6318C17C2700901E60 /* MinimumWindowSubstring.h */ = {isa = PBXFileReference; fileEncoding = 4; lastKnownFileType = sourcecode.c.h; path = MinimumWindowSubstring.h; sourceTree = "<group>"; };
		835EF74318CB6AD300AE0528 /* BestTimetoBuyandSellStockIII.cpp */ = {isa = PBXFileReference; fileEncoding = 4; lastKnownFileType = sourcecode.cpp.cpp; path = BestTimetoBuyandSellStockIII.cpp; sourceTree = "<group>"; };
		835EF74418CB6AD300AE0528 /* BestTimetoBuyandSellStockIII.h */ = {isa = PBXFileReference; fileEncoding = 4; lastKnownFileType = sourcecode.c.h; path = BestTimetoBuyandSellStockIII.h; sourceTree = "<group>"; };
		835EF74618CB713E00AE0528 /* BestTimetoBuyandSellStockIIIV2.cpp */ = {isa = PBXFileReference; fileEncoding = 4; lastKnownFileType = sourcecode.cpp.cpp; path = BestTimetoBuyandSellStockIIIV2.cpp; sourceTree = "<group>"; };
		835EF74718CB713E00AE0528 /* BestTimetoBuyandSellStockIIIV2.h */ = {isa = PBXFileReference; fileEncoding = 4; lastKnownFileType = sourcecode.c.h; path = BestTimetoBuyandSellStockIIIV2.h; sourceTree = "<group>"; };
		8360FC9018C00454008CEAFB /* atoi.cpp */ = {isa = PBXFileReference; fileEncoding = 4; lastKnownFileType = sourcecode.cpp.cpp; path = atoi.cpp; sourceTree = "<group>"; };
		8360FC9118C00454008CEAFB /* atoi.h */ = {isa = PBXFileReference; fileEncoding = 4; lastKnownFileType = sourcecode.c.h; path = atoi.h; sourceTree = "<group>"; };
		8363941918C8A78C004DA211 /* WordBreak.cpp */ = {isa = PBXFileReference; fileEncoding = 4; lastKnownFileType = sourcecode.cpp.cpp; path = WordBreak.cpp; sourceTree = "<group>"; };
		8363941A18C8A78C004DA211 /* WordBreak.h */ = {isa = PBXFileReference; fileEncoding = 4; lastKnownFileType = sourcecode.c.h; path = WordBreak.h; sourceTree = "<group>"; };
		836424C518BF7342007A948A /* SearchInsertPosition.cpp */ = {isa = PBXFileReference; fileEncoding = 4; lastKnownFileType = sourcecode.cpp.cpp; path = SearchInsertPosition.cpp; sourceTree = "<group>"; };
		836424C618BF7342007A948A /* SearchInsertPosition.h */ = {isa = PBXFileReference; fileEncoding = 4; lastKnownFileType = sourcecode.c.h; path = SearchInsertPosition.h; sourceTree = "<group>"; };
		8367439D189016670051E377 /* numTrees.cpp */ = {isa = PBXFileReference; fileEncoding = 4; lastKnownFileType = sourcecode.cpp.cpp; path = numTrees.cpp; sourceTree = "<group>"; };
		836D712C188D030B00B553B2 /* ConvertSortedArraytoBinarySearchTree.cpp */ = {isa = PBXFileReference; fileEncoding = 4; lastKnownFileType = sourcecode.cpp.cpp; path = ConvertSortedArraytoBinarySearchTree.cpp; sourceTree = "<group>"; };
		836D712D188D030B00B553B2 /* ConvertSortedArraytoBinarySearchTree.h */ = {isa = PBXFileReference; fileEncoding = 4; lastKnownFileType = sourcecode.c.h; path = ConvertSortedArraytoBinarySearchTree.h; sourceTree = "<group>"; };
		838737FE188EACF7001732CE /* Header.h */ = {isa = PBXFileReference; lastKnownFileType = sourcecode.c.h; path = Header.h; sourceTree = "<group>"; };
		838737FF188EB1B2001732CE /* addTwoNumbers.c */ = {isa = PBXFileReference; fileEncoding = 4; lastKnownFileType = sourcecode.c.c; path = addTwoNumbers.c; sourceTree = "<group>"; };
		83873801188EB5FB001732CE /* addTwoNumbers.cpp */ = {isa = PBXFileReference; fileEncoding = 4; lastKnownFileType = sourcecode.cpp.cpp; path = addTwoNumbers.cpp; sourceTree = "<group>"; };
		83873802188EB5FB001732CE /* addTwoNumbers.h */ = {isa = PBXFileReference; fileEncoding = 4; lastKnownFileType = sourcecode.c.h; path = addTwoNumbers.h; sourceTree = "<group>"; };
		838EEF4718C16E0100B48B4D /* ValidParentheses.cpp */ = {isa = PBXFileReference; fileEncoding = 4; lastKnownFileType = sourcecode.cpp.cpp; path = ValidParentheses.cpp; sourceTree = "<group>"; };
		838EEF4818C16E0100B48B4D /* ValidParentheses.h */ = {isa = PBXFileReference; fileEncoding = 4; lastKnownFileType = sourcecode.c.h; path = ValidParentheses.h; sourceTree = "<group>"; };
		8390160518CE9117002F6209 /* ConstructBinaryTreefromInorderandPostorderTraversal.cpp */ = {isa = PBXFileReference; fileEncoding = 4; lastKnownFileType = sourcecode.cpp.cpp; path = ConstructBinaryTreefromInorderandPostorderTraversal.cpp; sourceTree = "<group>"; };
		8390160618CE9117002F6209 /* ConstructBinaryTreefromInorderandPostorderTraversal.h */ = {isa = PBXFileReference; fileEncoding = 4; lastKnownFileType = sourcecode.c.h; path = ConstructBinaryTreefromInorderandPostorderTraversal.h; sourceTree = "<group>"; };
		8396902018C9B51A008F28B7 /* BestTimetoBuyandSellStockII.cpp */ = {isa = PBXFileReference; fileEncoding = 4; lastKnownFileType = sourcecode.cpp.cpp; path = BestTimetoBuyandSellStockII.cpp; sourceTree = "<group>"; };
		8396902118C9B51A008F28B7 /* BestTimetoBuyandSellStockII.h */ = {isa = PBXFileReference; fileEncoding = 4; lastKnownFileType = sourcecode.c.h; path = BestTimetoBuyandSellStockII.h; sourceTree = "<group>"; };
		839A7F42188FA9E900F55146 /* ZigZagConversion.cpp */ = {isa = PBXFileReference; fileEncoding = 4; lastKnownFileType = sourcecode.cpp.cpp; path = ZigZagConversion.cpp; sourceTree = "<group>"; };
		839A7F43188FA9E900F55146 /* ZigZagConversion.h */ = {isa = PBXFileReference; fileEncoding = 4; lastKnownFileType = sourcecode.c.h; path = ZigZagConversion.h; sourceTree = "<group>"; };
		839C7A8818BDB74000ED2D07 /* SearchforaRange.cpp */ = {isa = PBXFileReference; fileEncoding = 4; lastKnownFileType = sourcecode.cpp.cpp; path = SearchforaRange.cpp; sourceTree = "<group>"; };
		839C7A8918BDB74000ED2D07 /* SearchforaRange.h */ = {isa = PBXFileReference; fileEncoding = 4; lastKnownFileType = sourcecode.c.h; path = SearchforaRange.h; sourceTree = "<group>"; };
		839E860218C07AF9001EC25A /* SubstringwithConcatenationofAllWords.cpp */ = {isa = PBXFileReference; fileEncoding = 4; lastKnownFileType = sourcecode.cpp.cpp; path = SubstringwithConcatenationofAllWords.cpp; sourceTree = "<group>"; };
		839E860318C07AF9001EC25A /* SubstringwithConcatenationofAllWords.h */ = {isa = PBXFileReference; fileEncoding = 4; lastKnownFileType = sourcecode.c.h; path = SubstringwithConcatenationofAllWords.h; sourceTree = "<group>"; };
		839FECDE18C8BEE10011EAE3 /* WordBreakII .cpp */ = {isa = PBXFileReference; fileEncoding = 4; lastKnownFileType = sourcecode.cpp.cpp; path = "WordBreakII .cpp"; sourceTree = "<group>"; };
		839FECDF18C8BEE10011EAE3 /* WordBreakII .h */ = {isa = PBXFileReference; fileEncoding = 4; lastKnownFileType = sourcecode.c.h; path = "WordBreakII .h"; sourceTree = "<group>"; };
		83A0982C18B72E0C00C923AA /* PermutationSequence.cpp */ = {isa = PBXFileReference; fileEncoding = 4; lastKnownFileType = sourcecode.cpp.cpp; path = PermutationSequence.cpp; sourceTree = "<group>"; };
		83A0982D18B72E0C00C923AA /* PermutationSequence.h */ = {isa = PBXFileReference; fileEncoding = 4; lastKnownFileType = sourcecode.c.h; path = PermutationSequence.h; sourceTree = "<group>"; };
		83A0982F18B73C8200C923AA /* Subsets.cpp */ = {isa = PBXFileReference; fileEncoding = 4; lastKnownFileType = sourcecode.cpp.cpp; path = Subsets.cpp; sourceTree = "<group>"; };
		83A0983018B73C8200C923AA /* Subsets.h */ = {isa = PBXFileReference; fileEncoding = 4; lastKnownFileType = sourcecode.c.h; path = Subsets.h; sourceTree = "<group>"; };
		83A0983218B747AF00C923AA /* SubsetsII.cpp */ = {isa = PBXFileReference; fileEncoding = 4; lastKnownFileType = sourcecode.cpp.cpp; path = SubsetsII.cpp; sourceTree = "<group>"; };
		83A0983318B747AF00C923AA /* SubsetsII.h */ = {isa = PBXFileReference; fileEncoding = 4; lastKnownFileType = sourcecode.c.h; path = SubsetsII.h; sourceTree = "<group>"; };
		83A8916318CC5CEB004549F5 /* BinaryTreeMaximumPathSum.cpp */ = {isa = PBXFileReference; fileEncoding = 4; lastKnownFileType = sourcecode.cpp.cpp; path = BinaryTreeMaximumPathSum.cpp; sourceTree = "<group>"; };
		83A8916418CC5CEB004549F5 /* BinaryTreeMaximumPathSum.h */ = {isa = PBXFileReference; fileEncoding = 4; lastKnownFileType = sourcecode.c.h; path = BinaryTreeMaximumPathSum.h; sourceTree = "<group>"; };
		83AB5A7618CDF42B004E5F19 /* BinaryTreeZigzagLevelOrderTraversal.cpp */ = {isa = PBXFileReference; fileEncoding = 4; lastKnownFileType = sourcecode.cpp.cpp; path = BinaryTreeZigzagLevelOrderTraversal.cpp; sourceTree = "<group>"; };
		83AB5A7718CDF42B004E5F19 /* BinaryTreeZigzagLevelOrderTraversal.h */ = {isa = PBXFileReference; fileEncoding = 4; lastKnownFileType = sourcecode.c.h; path = BinaryTreeZigzagLevelOrderTraversal.h; sourceTree = "<group>"; };
		83AE797B18C87A480085A885 /* MinimumPathSum.cpp */ = {isa = PBXFileReference; fileEncoding = 4; lastKnownFileType = sourcecode.cpp.cpp; path = MinimumPathSum.cpp; sourceTree = "<group>"; };
		83AE797C18C87A480085A885 /* MinimumPathSum.h */ = {isa = PBXFileReference; fileEncoding = 4; lastKnownFileType = sourcecode.c.h; path = MinimumPathSum.h; sourceTree = "<group>"; };
		83B2072418BAF02000F8785D /* SingleNumber.cpp */ = {isa = PBXFileReference; fileEncoding = 4; lastKnownFileType = sourcecode.cpp.cpp; path = SingleNumber.cpp; sourceTree = "<group>"; };
		83B2072518BAF02000F8785D /* SingleNumber.h */ = {isa = PBXFileReference; fileEncoding = 4; lastKnownFileType = sourcecode.c.h; path = SingleNumber.h; sourceTree = "<group>"; };
		83B2F60B18CABE09008A33DE /* LargestRectangularAreainaHistogramV3.cpp */ = {isa = PBXFileReference; fileEncoding = 4; lastKnownFileType = sourcecode.cpp.cpp; path = LargestRectangularAreainaHistogramV3.cpp; sourceTree = "<group>"; };
		83B2F60C18CABE09008A33DE /* LargestRectangularAreainaHistogramV3.h */ = {isa = PBXFileReference; fileEncoding = 4; lastKnownFileType = sourcecode.c.h; path = LargestRectangularAreainaHistogramV3.h; sourceTree = "<group>"; };
		83B4D92418C9AC39006360C7 /* BestTimetoBuyandSellStock.cpp */ = {isa = PBXFileReference; fileEncoding = 4; lastKnownFileType = sourcecode.cpp.cpp; path = BestTimetoBuyandSellStock.cpp; sourceTree = "<group>"; };
		83B4D92518C9AC39006360C7 /* BestTimetoBuyandSellStock.h */ = {isa = PBXFileReference; fileEncoding = 4; lastKnownFileType = sourcecode.c.h; path = BestTimetoBuyandSellStock.h; sourceTree = "<group>"; };
		83B8DF2E18BA44F6005F3091 /* PartitionList.cpp */ = {isa = PBXFileReference; fileEncoding = 4; lastKnownFileType = sourcecode.cpp.cpp; path = PartitionList.cpp; sourceTree = "<group>"; };
		83B8DF2F18BA44F6005F3091 /* PartitionList.h */ = {isa = PBXFileReference; fileEncoding = 4; lastKnownFileType = sourcecode.c.h; path = PartitionList.h; sourceTree = "<group>"; };
		83C0715618CB08D4001F981A /* MaximalRectangle.cpp */ = {isa = PBXFileReference; fileEncoding = 4; lastKnownFileType = sourcecode.cpp.cpp; path = MaximalRectangle.cpp; sourceTree = "<group>"; };
		83C0715718CB08D4001F981A /* MaximalRectangle.h */ = {isa = PBXFileReference; fileEncoding = 4; lastKnownFileType = sourcecode.c.h; path = MaximalRectangle.h; sourceTree = "<group>"; };
		83C4403E18CC52FB0003B741 /* PathSum.cpp */ = {isa = PBXFileReference; fileEncoding = 4; lastKnownFileType = sourcecode.cpp.cpp; path = PathSum.cpp; sourceTree = "<group>"; };
		83C4403F18CC52FB0003B741 /* PathSum.h */ = {isa = PBXFileReference; fileEncoding = 4; lastKnownFileType = sourcecode.c.h; path = PathSum.h; sourceTree = "<group>"; };
		83C4404118CC57E40003B741 /* PathSumII.cpp */ = {isa = PBXFileReference; fileEncoding = 4; lastKnownFileType = sourcecode.cpp.cpp; path = PathSumII.cpp; sourceTree = "<group>"; };
		83C4404218CC57E40003B741 /* PathSumII.h */ = {isa = PBXFileReference; fileEncoding = 4; lastKnownFileType = sourcecode.c.h; path = PathSumII.h; sourceTree = "<group>"; };
		83CD84C218B8680A00690655 /* Combinations.cpp */ = {isa = PBXFileReference; fileEncoding = 4; lastKnownFileType = sourcecode.cpp.cpp; path = Combinations.cpp; sourceTree = "<group>"; };
		83CD84C318B8680A00690655 /* Combinations.h */ = {isa = PBXFileReference; fileEncoding = 4; lastKnownFileType = sourcecode.c.h; path = Combinations.h; sourceTree = "<group>"; };
		83CD84C518B86B5B00690655 /* CombinationSum.cpp */ = {isa = PBXFileReference; fileEncoding = 4; lastKnownFileType = sourcecode.cpp.cpp; path = CombinationSum.cpp; sourceTree = "<group>"; };
		83CD84C618B86B5B00690655 /* CombinationSum.h */ = {isa = PBXFileReference; fileEncoding = 4; lastKnownFileType = sourcecode.c.h; path = CombinationSum.h; sourceTree = "<group>"; };
		83CE163618BDCBD60081A8E3 /* SearchinRotatedSortedArray.cpp */ = {isa = PBXFileReference; fileEncoding = 4; lastKnownFileType = sourcecode.cpp.cpp; path = SearchinRotatedSortedArray.cpp; sourceTree = "<group>"; };
		83CE163718BDCBD60081A8E3 /* SearchinRotatedSortedArray.h */ = {isa = PBXFileReference; fileEncoding = 4; lastKnownFileType = sourcecode.c.h; path = SearchinRotatedSortedArray.h; sourceTree = "<group>"; };
		83CE163918BDD4E70081A8E3 /* SqrtX.cpp */ = {isa = PBXFileReference; fileEncoding = 4; lastKnownFileType = sourcecode.cpp.cpp; path = SqrtX.cpp; sourceTree = "<group>"; };
		83CE163A18BDD4E70081A8E3 /* SqrtX.h */ = {isa = PBXFileReference; fileEncoding = 4; lastKnownFileType = sourcecode.c.h; path = SqrtX.h; sourceTree = "<group>"; };
		83D0D2BE18B8FA120089A15F /* SwapNodesinPairs.cpp */ = {isa = PBXFileReference; fileEncoding = 4; lastKnownFileType = sourcecode.cpp.cpp; path = SwapNodesinPairs.cpp; sourceTree = "<group>"; };
		83D0D2BF18B8FA120089A15F /* SwapNodesinPairs.h */ = {isa = PBXFileReference; fileEncoding = 4; lastKnownFileType = sourcecode.c.h; path = SwapNodesinPairs.h; sourceTree = "<group>"; };
		83D6739A18CD3916007532E8 /* BalancedBinaryTree.cpp */ = {isa = PBXFileReference; fileEncoding = 4; lastKnownFileType = sourcecode.cpp.cpp; path = BalancedBinaryTree.cpp; sourceTree = "<group>"; };
		83D6739B18CD3916007532E8 /* BalancedBinaryTree.h */ = {isa = PBXFileReference; fileEncoding = 4; lastKnownFileType = sourcecode.c.h; path = BalancedBinaryTree.h; sourceTree = "<group>"; };
		83D6739D18CD3CAE007532E8 /* SymmetricTree.cpp */ = {isa = PBXFileReference; fileEncoding = 4; lastKnownFileType = sourcecode.cpp.cpp; path = SymmetricTree.cpp; sourceTree = "<group>"; };
		83D6739E18CD3CAE007532E8 /* SymmetricTree.h */ = {isa = PBXFileReference; fileEncoding = 4; lastKnownFileType = sourcecode.c.h; path = SymmetricTree.h; sourceTree = "<group>"; };
		83D900BA18CEDE80002A40CF /* BinaryTreePreorderTraversal.cpp */ = {isa = PBXFileReference; fileEncoding = 4; lastKnownFileType = sourcecode.cpp.cpp; path = BinaryTreePreorderTraversal.cpp; sourceTree = "<group>"; };
		83D900BB18CEDE80002A40CF /* BinaryTreePreorderTraversal.h */ = {isa = PBXFileReference; fileEncoding = 4; lastKnownFileType = sourcecode.c.h; path = BinaryTreePreorderTraversal.h; sourceTree = "<group>"; };
		83E6C6C718828E7F006D399B /* LeetCode */ = {isa = PBXFileReference; explicitFileType = "compiled.mach-o.executable"; includeInIndex = 0; path = LeetCode; sourceTree = BUILT_PRODUCTS_DIR; };
		83E6C6CA18828E7F006D399B /* main.cpp */ = {isa = PBXFileReference; lastKnownFileType = sourcecode.cpp.cpp; path = main.cpp; sourceTree = "<group>"; };
		83E6C6CC18828E7F006D399B /* LeetCode.1 */ = {isa = PBXFileReference; lastKnownFileType = text.man; path = LeetCode.1; sourceTree = "<group>"; };
		83E6C6D318828E8E006D399B /* findMedianSortedArrays.c */ = {isa = PBXFileReference; fileEncoding = 4; lastKnownFileType = sourcecode.c.c; path = findMedianSortedArrays.c; sourceTree = "<group>"; };
		83E6C6D518828ED7006D399B /* functions.h */ = {isa = PBXFileReference; lastKnownFileType = sourcecode.c.h; path = functions.h; sourceTree = "<group>"; };
		83E95BC7188D4B7D00E8F548 /* 2Sum.cpp */ = {isa = PBXFileReference; fileEncoding = 4; lastKnownFileType = sourcecode.cpp.cpp; path = 2Sum.cpp; sourceTree = "<group>"; };
		83E95BC8188D4B7D00E8F548 /* 2Sum.h */ = {isa = PBXFileReference; fileEncoding = 4; lastKnownFileType = sourcecode.c.h; path = 2Sum.h; sourceTree = "<group>"; };
		83EA49DA18B6383100415EE1 /* NextPermutation.cpp */ = {isa = PBXFileReference; fileEncoding = 4; lastKnownFileType = sourcecode.cpp.cpp; path = NextPermutation.cpp; sourceTree = "<group>"; };
		83EA49DB18B6383100415EE1 /* NextPermutation.h */ = {isa = PBXFileReference; fileEncoding = 4; lastKnownFileType = sourcecode.c.h; path = NextPermutation.h; sourceTree = "<group>"; };
		83F54ADF18CA1B85001698BA /* LargestRectangularAreainaHistogram.cpp */ = {isa = PBXFileReference; fileEncoding = 4; lastKnownFileType = sourcecode.cpp.cpp; path = LargestRectangularAreainaHistogram.cpp; sourceTree = "<group>"; };
		83F54AE018CA1B85001698BA /* LargestRectangularAreainaHistogram.h */ = {isa = PBXFileReference; fileEncoding = 4; lastKnownFileType = sourcecode.c.h; path = LargestRectangularAreainaHistogram.h; sourceTree = "<group>"; };
		83F54AE218CAA25F001698BA /* LargestRectangularAreainaHistogramV2.cpp */ = {isa = PBXFileReference; fileEncoding = 4; lastKnownFileType = sourcecode.cpp.cpp; path = LargestRectangularAreainaHistogramV2.cpp; sourceTree = "<group>"; };
		83F54AE318CAA25F001698BA /* LargestRectangularAreainaHistogramV2.h */ = {isa = PBXFileReference; fileEncoding = 4; lastKnownFileType = sourcecode.c.h; path = LargestRectangularAreainaHistogramV2.h; sourceTree = "<group>"; };
/* End PBXFileReference section */

/* Begin PBXFrameworksBuildPhase section */
		83E6C6C418828E7F006D399B /* Frameworks */ = {
			isa = PBXFrameworksBuildPhase;
			buildActionMask = 2147483647;
			files = (
			);
			runOnlyForDeploymentPostprocessing = 0;
		};
/* End PBXFrameworksBuildPhase section */

/* Begin PBXGroup section */
		835EF74218CB6A9900AE0528 /* BestTimeToButStock */ = {
			isa = PBXGroup;
			children = (
				83B4D92518C9AC39006360C7 /* BestTimetoBuyandSellStock.h */,
				83B4D92418C9AC39006360C7 /* BestTimetoBuyandSellStock.cpp */,
				8396902118C9B51A008F28B7 /* BestTimetoBuyandSellStockII.h */,
				8396902018C9B51A008F28B7 /* BestTimetoBuyandSellStockII.cpp */,
				835EF74418CB6AD300AE0528 /* BestTimetoBuyandSellStockIII.h */,
				835EF74318CB6AD300AE0528 /* BestTimetoBuyandSellStockIII.cpp */,
				835EF74718CB713E00AE0528 /* BestTimetoBuyandSellStockIIIV2.h */,
				835EF74618CB713E00AE0528 /* BestTimetoBuyandSellStockIIIV2.cpp */,
			);
			name = BestTimeToButStock;
			sourceTree = "<group>";
		};
		83B2F60A18CAAC0C008A33DE /* LargestRectangle */ = {
			isa = PBXGroup;
			children = (
				83C0715618CB08D4001F981A /* MaximalRectangle.cpp */,
				83C0715718CB08D4001F981A /* MaximalRectangle.h */,
				83B2F60B18CABE09008A33DE /* LargestRectangularAreainaHistogramV3.cpp */,
				83B2F60C18CABE09008A33DE /* LargestRectangularAreainaHistogramV3.h */,
				83F54AE218CAA25F001698BA /* LargestRectangularAreainaHistogramV2.cpp */,
				83F54AE318CAA25F001698BA /* LargestRectangularAreainaHistogramV2.h */,
				83F54ADF18CA1B85001698BA /* LargestRectangularAreainaHistogram.cpp */,
				83F54AE018CA1B85001698BA /* LargestRectangularAreainaHistogram.h */,
			);
			name = LargestRectangle;
			sourceTree = "<group>";
		};
		83C4403D18CC52A10003B741 /* DFSBFS */ = {
			isa = PBXGroup;
			children = (
				83C4403F18CC52FB0003B741 /* PathSum.h */,
				83C4403E18CC52FB0003B741 /* PathSum.cpp */,
				83C4404218CC57E40003B741 /* PathSumII.h */,
				83C4404118CC57E40003B741 /* PathSumII.cpp */,
				83A8916418CC5CEB004549F5 /* BinaryTreeMaximumPathSum.h */,
				83A8916318CC5CEB004549F5 /* BinaryTreeMaximumPathSum.cpp */,
			);
			name = DFSBFS;
			sourceTree = "<group>";
		};
		83D6739818CD383D007532E8 /* Permutation */ = {
			isa = PBXGroup;
			children = (
				83CD84C518B86B5B00690655 /* CombinationSum.cpp */,
				83CD84C618B86B5B00690655 /* CombinationSum.h */,
				83CD84C218B8680A00690655 /* Combinations.cpp */,
				83CD84C318B8680A00690655 /* Combinations.h */,
				83A0983218B747AF00C923AA /* SubsetsII.cpp */,
				83A0983318B747AF00C923AA /* SubsetsII.h */,
				83A0982F18B73C8200C923AA /* Subsets.cpp */,
				83A0983018B73C8200C923AA /* Subsets.h */,
				83A0982C18B72E0C00C923AA /* PermutationSequence.cpp */,
				83A0982D18B72E0C00C923AA /* PermutationSequence.h */,
				83EA49DA18B6383100415EE1 /* NextPermutation.cpp */,
				83EA49DB18B6383100415EE1 /* NextPermutation.h */,
				833C183918B5E95900C42174 /* PermutationsUnique.cpp */,
				833C183A18B5E95900C42174 /* PermutationsUnique.h */,
				83127D841892C81B00EEBC41 /* Permutations.cpp */,
				83127D851892C81B00EEBC41 /* Permutations.h */,
			);
			name = Permutation;
			sourceTree = "<group>";
		};
		83D6739918CD3904007532E8 /* Tree */ = {
			isa = PBXGroup;
			children = (
				8319C2B21890D63A00A5A39A /* BinaryTreeLevelOrderTraversal.cpp */,
				8319C2B31890D63A00A5A39A /* BinaryTreeLevelOrderTraversal.h */,
				83D6739A18CD3916007532E8 /* BalancedBinaryTree.cpp */,
				83D6739B18CD3916007532E8 /* BalancedBinaryTree.h */,
				83D6739D18CD3CAE007532E8 /* SymmetricTree.cpp */,
				83D6739E18CD3CAE007532E8 /* SymmetricTree.h */,
				83AB5A7618CDF42B004E5F19 /* BinaryTreeZigzagLevelOrderTraversal.cpp */,
				83AB5A7718CDF42B004E5F19 /* BinaryTreeZigzagLevelOrderTraversal.h */,
				8390160518CE9117002F6209 /* ConstructBinaryTreefromInorderandPostorderTraversal.cpp */,
				8390160618CE9117002F6209 /* ConstructBinaryTreefromInorderandPostorderTraversal.h */,
				83D900BA18CEDE80002A40CF /* BinaryTreePreorderTraversal.cpp */,
				83D900BB18CEDE80002A40CF /* BinaryTreePreorderTraversal.h */,
			);
			name = Tree;
			sourceTree = "<group>";
		};
		83E6C6BE18828E7F006D399B = {
			isa = PBXGroup;
			children = (
				83E6C6C918828E7F006D399B /* LeetCode */,
				83E6C6C818828E7F006D399B /* Products */,
			);
			sourceTree = "<group>";
		};
		83E6C6C818828E7F006D399B /* Products */ = {
			isa = PBXGroup;
			children = (
				83E6C6C718828E7F006D399B /* LeetCode */,
			);
			name = Products;
			sourceTree = "<group>";
		};
		83E6C6C918828E7F006D399B /* LeetCode */ = {
			isa = PBXGroup;
			children = (
				83E6C6CA18828E7F006D399B /* main.cpp */,
				83D6739918CD3904007532E8 /* Tree */,
				83C4403D18CC52A10003B741 /* DFSBFS */,
				83B2F60A18CAAC0C008A33DE /* LargestRectangle */,
				835EF74218CB6A9900AE0528 /* BestTimeToButStock */,
				83D6739818CD383D007532E8 /* Permutation */,
				8363941918C8A78C004DA211 /* WordBreak.cpp */,
				8363941A18C8A78C004DA211 /* WordBreak.h */,
				839FECDE18C8BEE10011EAE3 /* WordBreakII .cpp */,
				839FECDF18C8BEE10011EAE3 /* WordBreakII .h */,
				83AE797B18C87A480085A885 /* MinimumPathSum.cpp */,
				83AE797C18C87A480085A885 /* MinimumPathSum.h */,
				833BBF8A18C85A950033427A /* ContainerWithMostWater.cpp */,
				833BBF8B18C85A950033427A /* ContainerWithMostWater.h */,
				830BA43F18C75CC800FB26E7 /* RegularExpressionMatching.cpp */,
				830BA44018C75CC800FB26E7 /* RegularExpressionMatching.h */,
				83475A6218C17C2700901E60 /* MinimumWindowSubstring.cpp */,
				83475A6318C17C2700901E60 /* MinimumWindowSubstring.h */,
				838EEF4718C16E0100B48B4D /* ValidParentheses.cpp */,
				838EEF4818C16E0100B48B4D /* ValidParentheses.h */,
				839E860218C07AF9001EC25A /* SubstringwithConcatenationofAllWords.cpp */,
				839E860318C07AF9001EC25A /* SubstringwithConcatenationofAllWords.h */,
				8325AFC718C0222600D5AC70 /* LongestCommonPrefix.cpp */,
				8325AFC818C0222600D5AC70 /* LongestCommonPrefix.h */,
				8360FC9018C00454008CEAFB /* atoi.cpp */,
				8360FC9118C00454008CEAFB /* atoi.h */,
				836424C618BF7342007A948A /* SearchInsertPosition.h */,
				836424C518BF7342007A948A /* SearchInsertPosition.cpp */,
				83CE163918BDD4E70081A8E3 /* SqrtX.cpp */,
				83CE163A18BDD4E70081A8E3 /* SqrtX.h */,
				83CE163618BDCBD60081A8E3 /* SearchinRotatedSortedArray.cpp */,
				83CE163718BDCBD60081A8E3 /* SearchinRotatedSortedArray.h */,
				839C7A8818BDB74000ED2D07 /* SearchforaRange.cpp */,
				839C7A8918BDB74000ED2D07 /* SearchforaRange.h */,
				83145ED518BB23AE00D2AD69 /* WordSearch.cpp */,
				83145ED618BB23AE00D2AD69 /* WordSearch.h */,
				83B2072418BAF02000F8785D /* SingleNumber.cpp */,
				83B2072518BAF02000F8785D /* SingleNumber.h */,
				83B8DF2E18BA44F6005F3091 /* PartitionList.cpp */,
				83B8DF2F18BA44F6005F3091 /* PartitionList.h */,
				83D0D2BE18B8FA120089A15F /* SwapNodesinPairs.cpp */,
				83D0D2BF18B8FA120089A15F /* SwapNodesinPairs.h */,
				8308FD5F1890B72D00C98C20 /* MinimumDepthofBinaryTree.cpp */,
				8308FD601890B72D00C98C20 /* MinimumDepthofBinaryTree.h */,
				839A7F43188FA9E900F55146 /* ZigZagConversion.h */,
				839A7F42188FA9E900F55146 /* ZigZagConversion.cpp */,
				838737FF188EB1B2001732CE /* addTwoNumbers.c */,
				83873801188EB5FB001732CE /* addTwoNumbers.cpp */,
				83873802188EB5FB001732CE /* addTwoNumbers.h */,
				8367439D189016670051E377 /* numTrees.cpp */,
				838737FE188EACF7001732CE /* Header.h */,
				83030E8D188E970700BCB658 /* LongestSubstringWithoutRepeatingCharacters.cpp */,
				83E6C6D318828E8E006D399B /* findMedianSortedArrays.c */,
				83E6C6D518828ED7006D399B /* functions.h */,
				832E1C3C1882C8C4001BA17B /* searchRotatedArray.c */,
				83018D7818898CB7001804E7 /* MergekSortedLists .h */,
				83018D7718898CB7001804E7 /* MergekSortedLists .cpp */,
				836D712D188D030B00B553B2 /* ConvertSortedArraytoBinarySearchTree.h */,
				836D712C188D030B00B553B2 /* ConvertSortedArraytoBinarySearchTree.cpp */,
				83E95BC7188D4B7D00E8F548 /* 2Sum.cpp */,
				83E95BC8188D4B7D00E8F548 /* 2Sum.h */,
				83E6C6CC18828E7F006D399B /* LeetCode.1 */,
			);
			path = LeetCode;
			sourceTree = "<group>";
		};
/* End PBXGroup section */

/* Begin PBXNativeTarget section */
		83E6C6C618828E7F006D399B /* LeetCode */ = {
			isa = PBXNativeTarget;
			buildConfigurationList = 83E6C6D018828E7F006D399B /* Build configuration list for PBXNativeTarget "LeetCode" */;
			buildPhases = (
				83E6C6C318828E7F006D399B /* Sources */,
				83E6C6C418828E7F006D399B /* Frameworks */,
				83E6C6C518828E7F006D399B /* CopyFiles */,
			);
			buildRules = (
			);
			dependencies = (
			);
			name = LeetCode;
			productName = LeetCode;
			productReference = 83E6C6C718828E7F006D399B /* LeetCode */;
			productType = "com.apple.product-type.tool";
		};
/* End PBXNativeTarget section */

/* Begin PBXProject section */
		83E6C6BF18828E7F006D399B /* Project object */ = {
			isa = PBXProject;
			attributes = {
				LastUpgradeCheck = 0500;
				ORGANIZATIONNAME = WangJZ;
			};
			buildConfigurationList = 83E6C6C218828E7F006D399B /* Build configuration list for PBXProject "LeetCode" */;
			compatibilityVersion = "Xcode 3.2";
			developmentRegion = English;
			hasScannedForEncodings = 0;
			knownRegions = (
				en,
			);
			mainGroup = 83E6C6BE18828E7F006D399B;
			productRefGroup = 83E6C6C818828E7F006D399B /* Products */;
			projectDirPath = "";
			projectRoot = "";
			targets = (
				83E6C6C618828E7F006D399B /* LeetCode */,
			);
		};
/* End PBXProject section */

/* Begin PBXSourcesBuildPhase section */
		83E6C6C318828E7F006D399B /* Sources */ = {
			isa = PBXSourcesBuildPhase;
			buildActionMask = 2147483647;
			files = (
				83CD84C718B86B5B00690655 /* CombinationSum.cpp in Sources */,
				83127D861892C81B00EEBC41 /* Permutations.cpp in Sources */,
				83AB5A7818CDF42B004E5F19 /* BinaryTreeZigzagLevelOrderTraversal.cpp in Sources */,
				83E95BC9188D4B7D00E8F548 /* 2Sum.cpp in Sources */,
				833C183B18B5E95900C42174 /* PermutationsUnique.cpp in Sources */,
				833BBF8C18C85A950033427A /* ContainerWithMostWater.cpp in Sources */,
				83B4D92618C9AC39006360C7 /* BestTimetoBuyandSellStock.cpp in Sources */,
				83CE163B18BDD4E70081A8E3 /* SqrtX.cpp in Sources */,
				83B2072618BAF02000F8785D /* SingleNumber.cpp in Sources */,
				83A8916518CC5CEB004549F5 /* BinaryTreeMaximumPathSum.cpp in Sources */,
				83E6C6CB18828E7F006D399B /* main.cpp in Sources */,
				83E6C6D418828E8E006D399B /* findMedianSortedArrays.c in Sources */,
				8360FC9218C00454008CEAFB /* atoi.cpp in Sources */,
				839C7A8A18BDB74000ED2D07 /* SearchforaRange.cpp in Sources */,
				836424C718BF7342007A948A /* SearchInsertPosition.cpp in Sources */,
				83A0983118B73C8200C923AA /* Subsets.cpp in Sources */,
				83030E8E188E970700BCB658 /* LongestSubstringWithoutRepeatingCharacters.cpp in Sources */,
				83B2F60D18CABE09008A33DE /* LargestRectangularAreainaHistogramV3.cpp in Sources */,
				83CD84C418B8680A00690655 /* Combinations.cpp in Sources */,
				83475A6418C17C2700901E60 /* MinimumWindowSubstring.cpp in Sources */,
				8390160718CE9117002F6209 /* ConstructBinaryTreefromInorderandPostorderTraversal.cpp in Sources */,
				83D6739F18CD3CAE007532E8 /* SymmetricTree.cpp in Sources */,
				835EF74518CB6AD300AE0528 /* BestTimetoBuyandSellStockIII.cpp in Sources */,
				83D0D2C018B8FA120089A15F /* SwapNodesinPairs.cpp in Sources */,
				8308FD611890B72D00C98C20 /* MinimumDepthofBinaryTree.cpp in Sources */,
				836D712E188D030B00B553B2 /* ConvertSortedArraytoBinarySearchTree.cpp in Sources */,
				8325AFC918C0222600D5AC70 /* LongestCommonPrefix.cpp in Sources */,
				83AE797D18C87A480085A885 /* MinimumPathSum.cpp in Sources */,
				83D6739C18CD3916007532E8 /* BalancedBinaryTree.cpp in Sources */,
				83F54AE418CAA25F001698BA /* LargestRectangularAreainaHistogramV2.cpp in Sources */,
				83018D7918898CB7001804E7 /* MergekSortedLists .cpp in Sources */,
				83A0983418B747AF00C923AA /* SubsetsII.cpp in Sources */,
				83C0715818CB08D4001F981A /* MaximalRectangle.cpp in Sources */,
				832E1C3D1882C8C4001BA17B /* searchRotatedArray.c in Sources */,
				838EEF4918C16E0100B48B4D /* ValidParentheses.cpp in Sources */,
				8363941B18C8A78C004DA211 /* WordBreak.cpp in Sources */,
				83873803188EB5FB001732CE /* addTwoNumbers.cpp in Sources */,
				835EF74818CB713E00AE0528 /* BestTimetoBuyandSellStockIIIV2.cpp in Sources */,
				83EA49DC18B6383100415EE1 /* NextPermutation.cpp in Sources */,
				839FECE018C8BEE10011EAE3 /* WordBreakII .cpp in Sources */,
				83CE163818BDCBD60081A8E3 /* SearchinRotatedSortedArray.cpp in Sources */,
				83C4404318CC57E40003B741 /* PathSumII.cpp in Sources */,
				8319C2B41890D63A00A5A39A /* BinaryTreeLevelOrderTraversal.cpp in Sources */,
				83F54AE118CA1B85001698BA /* LargestRectangularAreainaHistogram.cpp in Sources */,
				839E860418C07AF9001EC25A /* SubstringwithConcatenationofAllWords.cpp in Sources */,
				830BA44118C75CC800FB26E7 /* RegularExpressionMatching.cpp in Sources */,
				8396902218C9B51A008F28B7 /* BestTimetoBuyandSellStockII.cpp in Sources */,
				8367439E189016670051E377 /* numTrees.cpp in Sources */,
				83D900BC18CEDE80002A40CF /* BinaryTreePreorderTraversal.cpp in Sources */,
				83145ED718BB23AE00D2AD69 /* WordSearch.cpp in Sources */,
				83A0982E18B72E0C00C923AA /* PermutationSequence.cpp in Sources */,
				83B8DF3018BA44F6005F3091 /* PartitionList.cpp in Sources */,
				83873800188EB1B2001732CE /* addTwoNumbers.c in Sources */,
				83C4404018CC52FB0003B741 /* PathSum.cpp in Sources */,
				839A7F44188FA9E900F55146 /* ZigZagConversion.cpp in Sources */,
			);
			runOnlyForDeploymentPostprocessing = 0;
		};
/* End PBXSourcesBuildPhase section */

/* Begin XCBuildConfiguration section */
		83E6C6CE18828E7F006D399B /* Debug */ = {
			isa = XCBuildConfiguration;
			buildSettings = {
				ALWAYS_SEARCH_USER_PATHS = NO;
				CLANG_CXX_LANGUAGE_STANDARD = "gnu++0x";
				CLANG_CXX_LIBRARY = "libc++";
				CLANG_ENABLE_OBJC_ARC = YES;
				CLANG_WARN_BOOL_CONVERSION = YES;
				CLANG_WARN_CONSTANT_CONVERSION = YES;
				CLANG_WARN_DIRECT_OBJC_ISA_USAGE = YES_ERROR;
				CLANG_WARN_EMPTY_BODY = YES;
				CLANG_WARN_ENUM_CONVERSION = YES;
				CLANG_WARN_INT_CONVERSION = YES;
				CLANG_WARN_OBJC_ROOT_CLASS = YES_ERROR;
				CLANG_WARN__DUPLICATE_METHOD_MATCH = YES;
				COPY_PHASE_STRIP = NO;
				GCC_C_LANGUAGE_STANDARD = gnu99;
				GCC_DYNAMIC_NO_PIC = NO;
				GCC_ENABLE_OBJC_EXCEPTIONS = YES;
				GCC_OPTIMIZATION_LEVEL = 0;
				GCC_PREPROCESSOR_DEFINITIONS = (
					"DEBUG=1",
					"$(inherited)",
				);
				GCC_SYMBOLS_PRIVATE_EXTERN = NO;
				GCC_WARN_64_TO_32_BIT_CONVERSION = YES;
				GCC_WARN_ABOUT_RETURN_TYPE = YES_ERROR;
				GCC_WARN_UNDECLARED_SELECTOR = YES;
				GCC_WARN_UNINITIALIZED_AUTOS = YES;
				GCC_WARN_UNUSED_FUNCTION = YES;
				GCC_WARN_UNUSED_VARIABLE = YES;
				MACOSX_DEPLOYMENT_TARGET = 10.9;
				ONLY_ACTIVE_ARCH = YES;
				SDKROOT = macosx;
			};
			name = Debug;
		};
		83E6C6CF18828E7F006D399B /* Release */ = {
			isa = XCBuildConfiguration;
			buildSettings = {
				ALWAYS_SEARCH_USER_PATHS = NO;
				CLANG_CXX_LANGUAGE_STANDARD = "gnu++0x";
				CLANG_CXX_LIBRARY = "libc++";
				CLANG_ENABLE_OBJC_ARC = YES;
				CLANG_WARN_BOOL_CONVERSION = YES;
				CLANG_WARN_CONSTANT_CONVERSION = YES;
				CLANG_WARN_DIRECT_OBJC_ISA_USAGE = YES_ERROR;
				CLANG_WARN_EMPTY_BODY = YES;
				CLANG_WARN_ENUM_CONVERSION = YES;
				CLANG_WARN_INT_CONVERSION = YES;
				CLANG_WARN_OBJC_ROOT_CLASS = YES_ERROR;
				CLANG_WARN__DUPLICATE_METHOD_MATCH = YES;
				COPY_PHASE_STRIP = YES;
				DEBUG_INFORMATION_FORMAT = "dwarf-with-dsym";
				ENABLE_NS_ASSERTIONS = NO;
				GCC_C_LANGUAGE_STANDARD = gnu99;
				GCC_ENABLE_OBJC_EXCEPTIONS = YES;
				GCC_WARN_64_TO_32_BIT_CONVERSION = YES;
				GCC_WARN_ABOUT_RETURN_TYPE = YES_ERROR;
				GCC_WARN_UNDECLARED_SELECTOR = YES;
				GCC_WARN_UNINITIALIZED_AUTOS = YES;
				GCC_WARN_UNUSED_FUNCTION = YES;
				GCC_WARN_UNUSED_VARIABLE = YES;
				MACOSX_DEPLOYMENT_TARGET = 10.9;
				SDKROOT = macosx;
			};
			name = Release;
		};
		83E6C6D118828E7F006D399B /* Debug */ = {
			isa = XCBuildConfiguration;
			buildSettings = {
				PRODUCT_NAME = "$(TARGET_NAME)";
			};
			name = Debug;
		};
		83E6C6D218828E7F006D399B /* Release */ = {
			isa = XCBuildConfiguration;
			buildSettings = {
				PRODUCT_NAME = "$(TARGET_NAME)";
			};
			name = Release;
		};
/* End XCBuildConfiguration section */

/* Begin XCConfigurationList section */
		83E6C6C218828E7F006D399B /* Build configuration list for PBXProject "LeetCode" */ = {
			isa = XCConfigurationList;
			buildConfigurations = (
				83E6C6CE18828E7F006D399B /* Debug */,
				83E6C6CF18828E7F006D399B /* Release */,
			);
			defaultConfigurationIsVisible = 0;
			defaultConfigurationName = Release;
		};
		83E6C6D018828E7F006D399B /* Build configuration list for PBXNativeTarget "LeetCode" */ = {
			isa = XCConfigurationList;
			buildConfigurations = (
				83E6C6D118828E7F006D399B /* Debug */,
				83E6C6D218828E7F006D399B /* Release */,
			);
			defaultConfigurationIsVisible = 0;
			defaultConfigurationName = Release;
		};
/* End XCConfigurationList section */
	};
	rootObject = 83E6C6BF18828E7F006D399B /* Project object */;
}
