// !$*UTF8*$!
{
	archiveVersion = 1;
	classes = {
	};
	objectVersion = 46;
	objects = {

/* Begin PBXBuildFile section */
		8305C6AA18E444D1005E8B99 /* ValidPalindrome.cpp in Sources */ = {isa = PBXBuildFile; fileRef = 8305C6A818E444D1005E8B99 /* ValidPalindrome.cpp */; };
		8305C6AD18E45938005E8B99 /* WordLadder.cpp in Sources */ = {isa = PBXBuildFile; fileRef = 8305C6AB18E45938005E8B99 /* WordLadder.cpp */; };
		830B7B1C18EFE60400AF872F /* LongestConsecutiveSequence.cpp in Sources */ = {isa = PBXBuildFile; fileRef = 830B7B1A18EFE60400AF872F /* LongestConsecutiveSequence.cpp */; };
		831DF56C18ECF0FA0055DF57 /* GrayCode.cpp in Sources */ = {isa = PBXBuildFile; fileRef = 831DF56A18ECF0FA0055DF57 /* GrayCode.cpp */; };
		831DF56F18ECFFD60055DF57 /* CountandSay.cpp in Sources */ = {isa = PBXBuildFile; fileRef = 831DF56D18ECFFD60055DF57 /* CountandSay.cpp */; };
		8323DDC218EC4D29004BF125 /* 4Sum.cpp in Sources */ = {isa = PBXBuildFile; fileRef = 8323DDC018EC4D29004BF125 /* 4Sum.cpp */; };
		832675BA18EBAA5100143F77 /* ValidSudoku.cpp in Sources */ = {isa = PBXBuildFile; fileRef = 832675B818EBAA5100143F77 /* ValidSudoku.cpp */; };
		832762C418D977F3003A6B43 /* BinaryTreeMaximumPathSum.cpp in Sources */ = {isa = PBXBuildFile; fileRef = 832762C318D977F3003A6B43 /* BinaryTreeMaximumPathSum.cpp */; };
		8327F21918EA695600F44B0E /* WildcardMatching.cpp in Sources */ = {isa = PBXBuildFile; fileRef = 8327F21718EA695600F44B0E /* WildcardMatching.cpp */; };
		832BBD8418E9189900C11E2E /* SumRoottoLeafNumbers.cpp in Sources */ = {isa = PBXBuildFile; fileRef = 832BBD8218E9189900C11E2E /* SumRoottoLeafNumbers.cpp */; };
		832BBD8718E93AF400C11E2E /* DecodeWays.cpp in Sources */ = {isa = PBXBuildFile; fileRef = 832BBD8518E93AF400C11E2E /* DecodeWays.cpp */; };
		832BBD8A18E948BE00C11E2E /* AddBinary.cpp in Sources */ = {isa = PBXBuildFile; fileRef = 832BBD8818E948BE00C11E2E /* AddBinary.cpp */; };
		832CA91718EE4C470073B408 /* CloneGraph.cpp in Sources */ = {isa = PBXBuildFile; fileRef = 832CA91518EE4C470073B408 /* CloneGraph.cpp */; };
		832E1C3D1882C8C4001BA17B /* searchRotatedArray.c in Sources */ = {isa = PBXBuildFile; fileRef = 832E1C3C1882C8C4001BA17B /* searchRotatedArray.c */; };
		8334996F18F25E110018D78D /* EvaluateReversePolishNotation.cpp in Sources */ = {isa = PBXBuildFile; fileRef = 8334996D18F25E110018D78D /* EvaluateReversePolishNotation.cpp */; };
		833A041818E954EE00DAEE00 /* Anagrams.cpp in Sources */ = {isa = PBXBuildFile; fileRef = 833A041618E954EE00DAEE00 /* Anagrams.cpp */; };
		833BAF9118F3C5EF0061F988 /* DivideTwoIntegers.cpp in Sources */ = {isa = PBXBuildFile; fileRef = 833BAF8F18F3C5EF0061F988 /* DivideTwoIntegers.cpp */; };
		833CF2A018DDDCC300F0183A /* RemoveDuplicatesfromSortedList.cpp in Sources */ = {isa = PBXBuildFile; fileRef = 833CF29E18DDDCC300F0183A /* RemoveDuplicatesfromSortedList.cpp */; };
		833CF2A418DDDF3F00F0183A /* UniquePaths.cpp in Sources */ = {isa = PBXBuildFile; fileRef = 833CF2A218DDDF3F00F0183A /* UniquePaths.cpp */; };
		833CF2A718DDE30700F0183A /* UniquePathsII.cpp in Sources */ = {isa = PBXBuildFile; fileRef = 833CF2A518DDE30700F0183A /* UniquePathsII.cpp */; };
		833D95BB18EFF68800D67219 /* SortList.cpp in Sources */ = {isa = PBXBuildFile; fileRef = 833D95B918EFF68800D67219 /* SortList.cpp */; };
		8348FE1218ED309A008ECA69 /* ScrambleString.cpp in Sources */ = {isa = PBXBuildFile; fileRef = 8348FE1018ED309A008ECA69 /* ScrambleString.cpp */; };
		834E005718ED9D500076F371 /* PlusOne.cpp in Sources */ = {isa = PBXBuildFile; fileRef = 834E005518ED9D500076F371 /* PlusOne.cpp */; };
		834E005A18EDA2AC0076F371 /* RotateImage.cpp in Sources */ = {isa = PBXBuildFile; fileRef = 834E005818EDA2AC0076F371 /* RotateImage.cpp */; };
		834F6CBE18F0E67F0004BF8D /* SpiralMatrixII.cpp in Sources */ = {isa = PBXBuildFile; fileRef = 834F6CBC18F0E67F0004BF8D /* SpiralMatrixII.cpp */; };
		8357F17B18EE444900A43513 /* ValidNumber.cpp in Sources */ = {isa = PBXBuildFile; fileRef = 8357F17918EE444900A43513 /* ValidNumber.cpp */; };
		8364F66618E3C5AF008F7C13 /* question12.cpp in Sources */ = {isa = PBXBuildFile; fileRef = 8364F66418E3C5AF008F7C13 /* question12.cpp */; };
		83666BDF18EA5AAF0084B841 /* MultiplyStrings.cpp in Sources */ = {isa = PBXBuildFile; fileRef = 83666BDD18EA5AAF0084B841 /* MultiplyStrings.cpp */; };
		8367439E189016670051E377 /* numTrees.cpp in Sources */ = {isa = PBXBuildFile; fileRef = 8367439D189016670051E377 /* numTrees.cpp */; };
		836A684E18EBBDEF005140BD /* JumpGameII.cpp in Sources */ = {isa = PBXBuildFile; fileRef = 836A684C18EBBDEF005140BD /* JumpGameII.cpp */; };
		836C11C718E116CB009F74E7 /* SingleNumber.cpp in Sources */ = {isa = PBXBuildFile; fileRef = 836C11C618E116CB009F74E7 /* SingleNumber.cpp */; };
		836C11CA18E11809009F74E7 /* MaximumSubarray.cpp in Sources */ = {isa = PBXBuildFile; fileRef = 836C11C818E11809009F74E7 /* MaximumSubarray.cpp */; };
		836C11E918E122C7009F74E7 /* LargestRectangularAreainaHistogram.cpp in Sources */ = {isa = PBXBuildFile; fileRef = 836C11E518E122C7009F74E7 /* LargestRectangularAreainaHistogram.cpp */; };
		836C11EA18E122C7009F74E7 /* LargestRectangularAreainaHistogramV2.cpp in Sources */ = {isa = PBXBuildFile; fileRef = 836C11E618E122C7009F74E7 /* LargestRectangularAreainaHistogramV2.cpp */; };
		836C11EB18E122C7009F74E7 /* LargestRectangularAreainaHistogramV3.cpp in Sources */ = {isa = PBXBuildFile; fileRef = 836C11E718E122C7009F74E7 /* LargestRectangularAreainaHistogramV3.cpp */; };
		836C11EC18E122C7009F74E7 /* MaximalRectangle.cpp in Sources */ = {isa = PBXBuildFile; fileRef = 836C11E818E122C7009F74E7 /* MaximalRectangle.cpp */; };
		836C11F318E1522C009F74E7 /* 2Sum.cpp in Sources */ = {isa = PBXBuildFile; fileRef = 836C11F118E1522C009F74E7 /* 2Sum.cpp */; };
		836C11F418E1522C009F74E7 /* 3Sum.cpp in Sources */ = {isa = PBXBuildFile; fileRef = 836C11F218E1522C009F74E7 /* 3Sum.cpp */; };
		836C11F718E154E1009F74E7 /* MinimumPathSum.cpp in Sources */ = {isa = PBXBuildFile; fileRef = 836C11F518E154E1009F74E7 /* MinimumPathSum.cpp */; };
		836C11F818E154E1009F74E7 /* SingleNumberIII.cpp in Sources */ = {isa = PBXBuildFile; fileRef = 836C11F618E154E1009F74E7 /* SingleNumberIII.cpp */; };
		836C11FC18E15596009F74E7 /* ContainerWithMostWater.cpp in Sources */ = {isa = PBXBuildFile; fileRef = 836C11FB18E15596009F74E7 /* ContainerWithMostWater.cpp */; };
		836C11FF18E1663E009F74E7 /* RemoveElement.cpp in Sources */ = {isa = PBXBuildFile; fileRef = 836C11FD18E1663E009F74E7 /* RemoveElement.cpp */; };
		836C120118E16C83009F74E7 /* Triangle.cpp in Sources */ = {isa = PBXBuildFile; fileRef = 836C120018E16C83009F74E7 /* Triangle.cpp */; };
		836C120418E16D03009F74E7 /* ReverseInteger.cpp in Sources */ = {isa = PBXBuildFile; fileRef = 836C120218E16D03009F74E7 /* ReverseInteger.cpp */; };
		836C120E18E16DD8009F74E7 /* BestTimetoBuyandSellStock.cpp in Sources */ = {isa = PBXBuildFile; fileRef = 836C120618E16DD8009F74E7 /* BestTimetoBuyandSellStock.cpp */; };
		836C120F18E16DD8009F74E7 /* BestTimetoBuyandSellStockII.cpp in Sources */ = {isa = PBXBuildFile; fileRef = 836C120818E16DD8009F74E7 /* BestTimetoBuyandSellStockII.cpp */; };
		836C121018E16DD8009F74E7 /* BestTimetoBuyandSellStockIII.cpp in Sources */ = {isa = PBXBuildFile; fileRef = 836C120A18E16DD8009F74E7 /* BestTimetoBuyandSellStockIII.cpp */; };
		836C121118E16DD8009F74E7 /* BestTimetoBuyandSellStockIIIV2.cpp in Sources */ = {isa = PBXBuildFile; fileRef = 836C120C18E16DD8009F74E7 /* BestTimetoBuyandSellStockIIIV2.cpp */; };
		836C121A18E1774D009F74E7 /* findMedianSortedArrays.cpp in Sources */ = {isa = PBXBuildFile; fileRef = 836C121318E1774D009F74E7 /* findMedianSortedArrays.cpp */; };
		836C121B18E1774D009F74E7 /* SearchforaRange.cpp in Sources */ = {isa = PBXBuildFile; fileRef = 836C121418E1774D009F74E7 /* SearchforaRange.cpp */; };
		836C121C18E1774D009F74E7 /* SearchinRotatedSortedArray.cpp in Sources */ = {isa = PBXBuildFile; fileRef = 836C121518E1774D009F74E7 /* SearchinRotatedSortedArray.cpp */; };
		836C121D18E1774D009F74E7 /* SearchInsertPosition.cpp in Sources */ = {isa = PBXBuildFile; fileRef = 836C121718E1774D009F74E7 /* SearchInsertPosition.cpp */; };
		836C121E18E1774D009F74E7 /* SqrtX.cpp in Sources */ = {isa = PBXBuildFile; fileRef = 836C121818E1774D009F74E7 /* SqrtX.cpp */; };
		836C122118E17C7E009F74E7 /* SearchinRotatedSortedArrayII.cpp in Sources */ = {isa = PBXBuildFile; fileRef = 836C121F18E17C7E009F74E7 /* SearchinRotatedSortedArrayII.cpp */; };
		836D865518EFA91000044C79 /* ReorderList.cpp in Sources */ = {isa = PBXBuildFile; fileRef = 836D865318EFA91000044C79 /* ReorderList.cpp */; };
		836E020018D93333005D780E /* MinimumDepthofBinaryTree.cpp in Sources */ = {isa = PBXBuildFile; fileRef = 836E01FF18D93333005D780E /* MinimumDepthofBinaryTree.cpp */; };
		836E020318D934FD005D780E /* BinaryTreeInorderTraversal.cpp in Sources */ = {isa = PBXBuildFile; fileRef = 836E020118D934FD005D780E /* BinaryTreeInorderTraversal.cpp */; };
		836E020618D935D2005D780E /* SameTree.cpp in Sources */ = {isa = PBXBuildFile; fileRef = 836E020418D935D2005D780E /* SameTree.cpp */; };
		836E020918D93742005D780E /* ValidateBinarySearchTree.cpp in Sources */ = {isa = PBXBuildFile; fileRef = 836E020718D93742005D780E /* ValidateBinarySearchTree.cpp */; };
		836E020C18D93A2B005D780E /* BinaryTreeLevelOrderTraversalII.cpp in Sources */ = {isa = PBXBuildFile; fileRef = 836E020A18D93A2B005D780E /* BinaryTreeLevelOrderTraversalII.cpp */; };
		836E020F18D94005005D780E /* addTwoNumbers.cpp in Sources */ = {isa = PBXBuildFile; fileRef = 836E020E18D94005005D780E /* addTwoNumbers.cpp */; };
		836E021218D9407E005D780E /* MergeTwoSortedLists.cpp in Sources */ = {isa = PBXBuildFile; fileRef = 836E021018D9407E005D780E /* MergeTwoSortedLists.cpp */; };
		836E021318D9407E005D780E /* PartitionList.cpp in Sources */ = {isa = PBXBuildFile; fileRef = 836E021118D9407E005D780E /* PartitionList.cpp */; };
		836E021518D940DF005D780E /* SwapNodesinPairs.cpp in Sources */ = {isa = PBXBuildFile; fileRef = 836E021418D940DF005D780E /* SwapNodesinPairs.cpp */; };
		836E021918D9435E005D780E /* MergekSortedLists.cpp in Sources */ = {isa = PBXBuildFile; fileRef = 836E021818D9435E005D780E /* MergekSortedLists.cpp */; };
		836EAB0E18EE33AC0019C474 /* Searcha2DMatrix.cpp in Sources */ = {isa = PBXBuildFile; fileRef = 836EAB0C18EE33AC0019C474 /* Searcha2DMatrix.cpp */; };
		836EAB1118EE37100019C474 /* SimplifyPath.cpp in Sources */ = {isa = PBXBuildFile; fileRef = 836EAB0F18EE37100019C474 /* SimplifyPath.cpp */; };
		836F5F6A18D9307F0015BB81 /* MaximumDepthofBinaryTree.cpp in Sources */ = {isa = PBXBuildFile; fileRef = 836F5F6818D9307F0015BB81 /* MaximumDepthofBinaryTree.cpp */; };
		83710F6F18EAA66F00C38F13 /* GasStation.cpp in Sources */ = {isa = PBXBuildFile; fileRef = 83710F6D18EAA66F00C38F13 /* GasStation.cpp */; };
		8376836218F02FA3000A401B /* SpiralMatrix.cpp in Sources */ = {isa = PBXBuildFile; fileRef = 8376836018F02FA3000A401B /* SpiralMatrix.cpp */; };
		8376836518F04731000A401B /* TrappingRainWater.cpp in Sources */ = {isa = PBXBuildFile; fileRef = 8376836318F04731000A401B /* TrappingRainWater.cpp */; };
		837C08D218E3F7ED004C85B3 /* MergeIntervals.cpp in Sources */ = {isa = PBXBuildFile; fileRef = 837C08D118E3F7ED004C85B3 /* MergeIntervals.cpp */; };
		837C162F18EA49EC00B1F5B9 /* LetterCombinationsofaPhoneNumber.cpp in Sources */ = {isa = PBXBuildFile; fileRef = 837C162D18EA49EC00B1F5B9 /* LetterCombinationsofaPhoneNumber.cpp */; };
		837DCDAF18E3017400532881 /* PowXN.cpp in Sources */ = {isa = PBXBuildFile; fileRef = 837DCDAD18E3017400532881 /* PowXN.cpp */; };
		837E130718E27DE40037AA5B /* ASingleton.cpp in Sources */ = {isa = PBXBuildFile; fileRef = 837E130518E27DE40037AA5B /* ASingleton.cpp */; };
		837FE15818ED452800145C16 /* RestoreIPAddresses.cpp in Sources */ = {isa = PBXBuildFile; fileRef = 837FE15618ED452800145C16 /* RestoreIPAddresses.cpp */; };
		8381A4C518EBE3F0008851BC /* JumpGame.cpp in Sources */ = {isa = PBXBuildFile; fileRef = 8381A4C318EBE3F0008851BC /* JumpGame.cpp */; };
		8381A4C818EBEB9E008851BC /* PopulatingNextRightPointersinEachNode.cpp in Sources */ = {isa = PBXBuildFile; fileRef = 8381A4C618EBEB9E008851BC /* PopulatingNextRightPointersinEachNode.cpp */; };
		8381A4CB18EBF3B9008851BC /* PopulatingNextRightPointersinEachNodeII.cpp in Sources */ = {isa = PBXBuildFile; fileRef = 8381A4C918EBF3B9008851BC /* PopulatingNextRightPointersinEachNodeII.cpp */; };
		8381A4CE18EC055A008851BC /* PascalsTriangle.cpp in Sources */ = {isa = PBXBuildFile; fileRef = 8381A4CC18EC055A008851BC /* PascalsTriangle.cpp */; };
		8381A4D118EC0BF7008851BC /* PascalsTriangleII.cpp in Sources */ = {isa = PBXBuildFile; fileRef = 8381A4CF18EC0BF7008851BC /* PascalsTriangleII.cpp */; };
		8381D1FE18EAF0D300ADA26A /* N-QueensII.cpp in Sources */ = {isa = PBXBuildFile; fileRef = 8381D1FC18EAF0D300ADA26A /* N-QueensII.cpp */; };
		8381D20118EAF3DE00ADA26A /* LengthofLastWord.cpp in Sources */ = {isa = PBXBuildFile; fileRef = 8381D1FF18EAF3DE00ADA26A /* LengthofLastWord.cpp */; };
		8384520B18F0EDEB008D7146 /* LongestPalindromicSubstring.cpp in Sources */ = {isa = PBXBuildFile; fileRef = 8384520918F0EDEB008D7146 /* LongestPalindromicSubstring.cpp */; };
		838ABDE518DAD02600F03599 /* BigNumber.cpp in Sources */ = {isa = PBXBuildFile; fileRef = 838ABDE318DAD02600F03599 /* BigNumber.cpp */; };
		838F3A0218F2F2F4006F7121 /* ReverseWordsinaString.cpp in Sources */ = {isa = PBXBuildFile; fileRef = 838F3A0018F2F2F4006F7121 /* ReverseWordsinaString.cpp */; };
		838F9EDC18F0FE5000B7685A /* PalindromePartitioning.cpp in Sources */ = {isa = PBXBuildFile; fileRef = 838F9EDA18F0FE5000B7685A /* PalindromePartitioning.cpp */; };
		83906DD018EB989000C8CDF9 /* SudokuSolver.cpp in Sources */ = {isa = PBXBuildFile; fileRef = 83906DCE18EB989000C8CDF9 /* SudokuSolver.cpp */; };
		83962C5118ED06F7008BFCF3 /* PalindromeNumber.cpp in Sources */ = {isa = PBXBuildFile; fileRef = 83962C4F18ED06F7008BFCF3 /* PalindromeNumber.cpp */; };
		839B1D0118EAB28A003D5C47 /* N-Queens.cpp in Sources */ = {isa = PBXBuildFile; fileRef = 839B1CFF18EAB28A003D5C47 /* N-Queens.cpp */; };
		83A1B5C818EFB78500DE3F6F /* Candy.cpp in Sources */ = {isa = PBXBuildFile; fileRef = 83A1B5C618EFB78500DE3F6F /* Candy.cpp */; };
		83A23E2618DC11CA0089A169 /* LinkedListCycle.cpp in Sources */ = {isa = PBXBuildFile; fileRef = 83A23E2418DC11CA0089A169 /* LinkedListCycle.cpp */; };
		83A23E2918DC12550089A169 /* LinkedListCycleII.cpp in Sources */ = {isa = PBXBuildFile; fileRef = 83A23E2718DC12550089A169 /* LinkedListCycleII.cpp */; };
		83A23E2C18DC2AC20089A169 /* RemoveDuplicatesfromSortedListII.cpp in Sources */ = {isa = PBXBuildFile; fileRef = 83A23E2A18DC2AC20089A169 /* RemoveDuplicatesfromSortedListII.cpp */; };
		83A23E2F18DC2C310089A169 /* RemoveNthNodeFromEndofList.cpp in Sources */ = {isa = PBXBuildFile; fileRef = 83A23E2D18DC2C310089A169 /* RemoveNthNodeFromEndofList.cpp */; };
		83A23E3218DC36BD0089A169 /* ReverseLinkedListII.cpp in Sources */ = {isa = PBXBuildFile; fileRef = 83A23E3018DC36BD0089A169 /* ReverseLinkedListII.cpp */; };
		83A4B5AA18DA81100089B7FE /* align_malloc.cpp in Sources */ = {isa = PBXBuildFile; fileRef = 83A4B5A818DA81100089B7FE /* align_malloc.cpp */; };
		83A4B5AD18DA86180089B7FE /* PermutationsII.cpp in Sources */ = {isa = PBXBuildFile; fileRef = 83A4B5AB18DA86180089B7FE /* PermutationsII.cpp */; };
		83B0CD5618D4A5F900B69862 /* CopyListwithRandomPointer.cpp in Sources */ = {isa = PBXBuildFile; fileRef = 83B0CD4E18D4A5F900B69862 /* CopyListwithRandomPointer.cpp */; };
		83B0CD5718D4A5F900B69862 /* CopyListwithRandomPointer2.cpp in Sources */ = {isa = PBXBuildFile; fileRef = 83B0CD5018D4A5F900B69862 /* CopyListwithRandomPointer2.cpp */; };
		83B0CD7618D4A61200B69862 /* BalancedBinaryTree.cpp in Sources */ = {isa = PBXBuildFile; fileRef = 83B0CD5A18D4A61200B69862 /* BalancedBinaryTree.cpp */; };
		83B0CD7718D4A61200B69862 /* BinaryTreeLevelOrderTraversal.cpp in Sources */ = {isa = PBXBuildFile; fileRef = 83B0CD5C18D4A61200B69862 /* BinaryTreeLevelOrderTraversal.cpp */; };
		83B0CD7818D4A61200B69862 /* BinaryTreePostorderTraversal.cpp in Sources */ = {isa = PBXBuildFile; fileRef = 83B0CD5E18D4A61200B69862 /* BinaryTreePostorderTraversal.cpp */; };
		83B0CD7A18D4A61200B69862 /* BinaryTreePreorderTraversal.cpp in Sources */ = {isa = PBXBuildFile; fileRef = 83B0CD6218D4A61200B69862 /* BinaryTreePreorderTraversal.cpp */; };
		83B0CD7B18D4A61200B69862 /* BinaryTreeZigzagLevelOrderTraversal.cpp in Sources */ = {isa = PBXBuildFile; fileRef = 83B0CD6418D4A61200B69862 /* BinaryTreeZigzagLevelOrderTraversal.cpp */; };
		83B0CD7C18D4A61200B69862 /* ConstructBinaryTreefromInorderandPostorderTraversal.cpp in Sources */ = {isa = PBXBuildFile; fileRef = 83B0CD6618D4A61200B69862 /* ConstructBinaryTreefromInorderandPostorderTraversal.cpp */; };
		83B0CD7D18D4A61200B69862 /* ConstructBinaryTreefromInorderandPreorderTraversal.cpp in Sources */ = {isa = PBXBuildFile; fileRef = 83B0CD6818D4A61200B69862 /* ConstructBinaryTreefromInorderandPreorderTraversal.cpp */; };
		83B0CD7E18D4A61200B69862 /* ConvertSortedListtoBinarySearchTree.cpp in Sources */ = {isa = PBXBuildFile; fileRef = 83B0CD6A18D4A61200B69862 /* ConvertSortedListtoBinarySearchTree.cpp */; };
		83B0CD7F18D4A61200B69862 /* FlattenBinaryTreetoLinkedList.cpp in Sources */ = {isa = PBXBuildFile; fileRef = 83B0CD6C18D4A61200B69862 /* FlattenBinaryTreetoLinkedList.cpp */; };
		83B0CD8018D4A61200B69862 /* RecoverBinarySearchTree.cpp in Sources */ = {isa = PBXBuildFile; fileRef = 83B0CD6E18D4A61200B69862 /* RecoverBinarySearchTree.cpp */; };
		83B0CD8218D4A61200B69862 /* SymmetricTree.cpp in Sources */ = {isa = PBXBuildFile; fileRef = 83B0CD7218D4A61200B69862 /* SymmetricTree.cpp */; };
		83B0CD8318D4A61200B69862 /* UniqueBinarySearchTreesII.cpp in Sources */ = {isa = PBXBuildFile; fileRef = 83B0CD7418D4A61200B69862 /* UniqueBinarySearchTreesII.cpp */; };
		83B0CD8B18D4A62800B69862 /* PathSum.cpp in Sources */ = {isa = PBXBuildFile; fileRef = 83B0CD8618D4A62800B69862 /* PathSum.cpp */; };
		83B0CD8C18D4A62800B69862 /* PathSumII.cpp in Sources */ = {isa = PBXBuildFile; fileRef = 83B0CD8818D4A62800B69862 /* PathSumII.cpp */; };
		83B0CDB518D4A67600B69862 /* Combinations.cpp in Sources */ = {isa = PBXBuildFile; fileRef = 83B0CDA518D4A67600B69862 /* Combinations.cpp */; };
		83B0CDB618D4A67600B69862 /* CombinationSum.cpp in Sources */ = {isa = PBXBuildFile; fileRef = 83B0CDA718D4A67600B69862 /* CombinationSum.cpp */; };
		83B0CDB718D4A67600B69862 /* NextPermutation.cpp in Sources */ = {isa = PBXBuildFile; fileRef = 83B0CDA918D4A67600B69862 /* NextPermutation.cpp */; };
		83B0CDB818D4A67600B69862 /* Permutations.cpp in Sources */ = {isa = PBXBuildFile; fileRef = 83B0CDAB18D4A67600B69862 /* Permutations.cpp */; };
		83B0CDB918D4A67600B69862 /* PermutationSequence.cpp in Sources */ = {isa = PBXBuildFile; fileRef = 83B0CDAD18D4A67600B69862 /* PermutationSequence.cpp */; };
		83B0CDBA18D4A67600B69862 /* PermutationsUnique.cpp in Sources */ = {isa = PBXBuildFile; fileRef = 83B0CDAF18D4A67600B69862 /* PermutationsUnique.cpp */; };
		83B0CDBB18D4A67600B69862 /* Subsets.cpp in Sources */ = {isa = PBXBuildFile; fileRef = 83B0CDB118D4A67600B69862 /* Subsets.cpp */; };
		83B0CDBC18D4A67600B69862 /* SubsetsII.cpp in Sources */ = {isa = PBXBuildFile; fileRef = 83B0CDB318D4A67600B69862 /* SubsetsII.cpp */; };
		83B0CDC118D4A6B700B69862 /* main.cpp in Sources */ = {isa = PBXBuildFile; fileRef = 83B0CDC018D4A6B700B69862 /* main.cpp */; };
		83B7C3A018F16A32009DC3A0 /* RotateList.cpp in Sources */ = {isa = PBXBuildFile; fileRef = 83B7C39E18F16A32009DC3A0 /* RotateList.cpp */; };
		83BC09A018F1258B00A1B49B /* PalindromePartitioningII.cpp in Sources */ = {isa = PBXBuildFile; fileRef = 83BC099E18F1258B00A1B49B /* PalindromePartitioningII.cpp */; };
		83BEB9F718F2F7E6007DD357 /* InterleavingString.cpp in Sources */ = {isa = PBXBuildFile; fileRef = 83BEB9F518F2F7E6007DD357 /* InterleavingString.cpp */; };
		83C2662A18F4E07D0018A251 /* InsertionSortList.cpp in Sources */ = {isa = PBXBuildFile; fileRef = 83C2662918F4E07D0018A251 /* InsertionSortList.cpp */; };
		83C324D518F23F0B007ED67C /* ReverseNodesink-Group.cpp in Sources */ = {isa = PBXBuildFile; fileRef = 83C324D318F23F0B007ED67C /* ReverseNodesink-Group.cpp */; };
		83C324D818F25AB3007ED67C /* DistinctSubsequences.cpp in Sources */ = {isa = PBXBuildFile; fileRef = 83C324D618F25AB3007ED67C /* DistinctSubsequences.cpp */; };
		83C35B5B18E41F19003A1E73 /* MergeSortedArray.cpp in Sources */ = {isa = PBXBuildFile; fileRef = 83C35B5918E41F19003A1E73 /* MergeSortedArray.cpp */; };
		83C4213D18E99EB70055E26B /* GenerateParentheses.cpp in Sources */ = {isa = PBXBuildFile; fileRef = 83C4213B18E99EB70055E26B /* GenerateParentheses.cpp */; };
		83C4214018E9B2310055E26B /* RomantoInteger.cpp in Sources */ = {isa = PBXBuildFile; fileRef = 83C4213E18E9B2310055E26B /* RomantoInteger.cpp */; };
		83C4214318E9B6FC0055E26B /* IntegertoRoman.cpp in Sources */ = {isa = PBXBuildFile; fileRef = 83C4214118E9B6FC0055E26B /* IntegertoRoman.cpp */; };
		83C4B96E18E01F6D0028AC56 /* QuickSort.cpp in Sources */ = {isa = PBXBuildFile; fileRef = 83C4B96C18E01F6D0028AC56 /* QuickSort.cpp */; };
		83C7AB4618EA534D00A51E3F /* RemoveDuplicatesfromSortedArrayII.cpp in Sources */ = {isa = PBXBuildFile; fileRef = 83C7AB4418EA534D00A51E3F /* RemoveDuplicatesfromSortedArrayII.cpp */; };
		83C8EFAF18EA50E0001C2E36 /* RemoveDuplicatesfromSortedArray.cpp in Sources */ = {isa = PBXBuildFile; fileRef = 83C8EFAD18EA50E0001C2E36 /* RemoveDuplicatesfromSortedArray.cpp */; };
		83CF229418D82C920085AF17 /* UniqueBinarySearchTrees.cpp in Sources */ = {isa = PBXBuildFile; fileRef = 83CF229218D82C920085AF17 /* UniqueBinarySearchTrees.cpp */; };
		83D266B318D8246600621577 /* ConvertSortedArraytoBinarySearchTree.cpp in Sources */ = {isa = PBXBuildFile; fileRef = 83D266B218D8246600621577 /* ConvertSortedArraytoBinarySearchTree.cpp */; };
		83D35ED718DA9F270040586E /* atoi.cpp in Sources */ = {isa = PBXBuildFile; fileRef = 83D35ECB18DA9F270040586E /* atoi.cpp */; };
		83D35ED818DA9F270040586E /* LongestCommonPrefix.cpp in Sources */ = {isa = PBXBuildFile; fileRef = 83D35ECD18DA9F270040586E /* LongestCommonPrefix.cpp */; };
		83D35ED918DA9F270040586E /* LongestSubstringWithoutRepeatingCharacters.cpp in Sources */ = {isa = PBXBuildFile; fileRef = 83D35ECE18DA9F270040586E /* LongestSubstringWithoutRepeatingCharacters.cpp */; };
		83D35EDA18DA9F270040586E /* MinimumWindowSubstring.cpp in Sources */ = {isa = PBXBuildFile; fileRef = 83D35ECF18DA9F270040586E /* MinimumWindowSubstring.cpp */; };
		83D35EDB18DA9F270040586E /* RegularExpressionMatching.cpp in Sources */ = {isa = PBXBuildFile; fileRef = 83D35ED018DA9F270040586E /* RegularExpressionMatching.cpp */; };
		83D35EDC18DA9F270040586E /* SubstringwithConcatenationofAllWords.cpp in Sources */ = {isa = PBXBuildFile; fileRef = 83D35ED118DA9F270040586E /* SubstringwithConcatenationofAllWords.cpp */; };
		83D35EDE18DA9F270040586E /* WordBreak.cpp in Sources */ = {isa = PBXBuildFile; fileRef = 83D35ED318DA9F270040586E /* WordBreak.cpp */; };
		83D35EDF18DA9F270040586E /* WordBreakII.cpp in Sources */ = {isa = PBXBuildFile; fileRef = 83D35ED418DA9F270040586E /* WordBreakII.cpp */; };
		83D35EE018DA9F270040586E /* WordSearch.cpp in Sources */ = {isa = PBXBuildFile; fileRef = 83D35ED518DA9F270040586E /* WordSearch.cpp */; };
		83D35EE118DA9F270040586E /* ZigZagConversion.cpp in Sources */ = {isa = PBXBuildFile; fileRef = 83D35ED618DA9F270040586E /* ZigZagConversion.cpp */; };
		83D35EE418DA9F460040586E /* ValidParentheses.cpp in Sources */ = {isa = PBXBuildFile; fileRef = 83D35EE318DA9F460040586E /* ValidParentheses.cpp */; };
		83D35EE718DA9F6E0040586E /* LongestValidParentheses.cpp in Sources */ = {isa = PBXBuildFile; fileRef = 83D35EE518DA9F6E0040586E /* LongestValidParentheses.cpp */; };
		83DE2D1718EBB1140018C486 /* 3SumClosest.cpp in Sources */ = {isa = PBXBuildFile; fileRef = 83DE2D1518EBB1140018C486 /* 3SumClosest.cpp */; };
		83E6C6CD18828E7F006D399B /* LeetCode.1 in CopyFiles */ = {isa = PBXBuildFile; fileRef = 83E6C6CC18828E7F006D399B /* LeetCode.1 */; };
		83E78F9318ED517A00C21E63 /* SortColors.cpp in Sources */ = {isa = PBXBuildFile; fileRef = 83E78F9118ED517A00C21E63 /* SortColors.cpp */; };
		83E78F9618ED598D00C21E63 /* FirstMissingPositive.cpp in Sources */ = {isa = PBXBuildFile; fileRef = 83E78F9418ED598D00C21E63 /* FirstMissingPositive.cpp */; };
		83E919E218F1350C00754406 /* EditDistance.cpp in Sources */ = {isa = PBXBuildFile; fileRef = 83E919E018F1350C00754406 /* EditDistance.cpp */; };
		83E919E518F13C5900754406 /* LRUCache.cpp in Sources */ = {isa = PBXBuildFile; fileRef = 83E919E318F13C5900754406 /* LRUCache.cpp */; };
		83EC957218E40306001F0D99 /* InsertInterval.cpp in Sources */ = {isa = PBXBuildFile; fileRef = 83EC957018E40306001F0D99 /* InsertInterval.cpp */; };
		83EC957518E4169E001F0D99 /* ClimbingStairs.cpp in Sources */ = {isa = PBXBuildFile; fileRef = 83EC957318E4169E001F0D99 /* ClimbingStairs.cpp */; };
		83EC957818E41BEA001F0D99 /* SetMatrixZeroes.cpp in Sources */ = {isa = PBXBuildFile; fileRef = 83EC957618E41BEA001F0D99 /* SetMatrixZeroes.cpp */; };
		83F8C4B418DA744C002FD1E1 /* printLastKLines.cpp in Sources */ = {isa = PBXBuildFile; fileRef = 83F8C4B218DA744C002FD1E1 /* printLastKLines.cpp */; };
/* End PBXBuildFile section */

/* Begin PBXCopyFilesBuildPhase section */
		83E6C6C518828E7F006D399B /* CopyFiles */ = {
			isa = PBXCopyFilesBuildPhase;
			buildActionMask = 2147483647;
			dstPath = /usr/share/man/man1/;
			dstSubfolderSpec = 0;
			files = (
				83E6C6CD18828E7F006D399B /* LeetCode.1 in CopyFiles */,
			);
			runOnlyForDeploymentPostprocessing = 1;
		};
/* End PBXCopyFilesBuildPhase section */

/* Begin PBXFileReference section */
		8305C6A818E444D1005E8B99 /* ValidPalindrome.cpp */ = {isa = PBXFileReference; fileEncoding = 4; lastKnownFileType = sourcecode.cpp.cpp; path = ValidPalindrome.cpp; sourceTree = "<group>"; };
		8305C6AB18E45938005E8B99 /* WordLadder.cpp */ = {isa = PBXFileReference; fileEncoding = 4; lastKnownFileType = sourcecode.cpp.cpp; name = WordLadder.cpp; path = DFSBFS/WordLadder.cpp; sourceTree = "<group>"; };
		830B7B1A18EFE60400AF872F /* LongestConsecutiveSequence.cpp */ = {isa = PBXFileReference; fileEncoding = 4; lastKnownFileType = sourcecode.cpp.cpp; path = LongestConsecutiveSequence.cpp; sourceTree = "<group>"; };
		831DF56A18ECF0FA0055DF57 /* GrayCode.cpp */ = {isa = PBXFileReference; fileEncoding = 4; lastKnownFileType = sourcecode.cpp.cpp; name = GrayCode.cpp; path = Permutation/GrayCode.cpp; sourceTree = "<group>"; };
		831DF56D18ECFFD60055DF57 /* CountandSay.cpp */ = {isa = PBXFileReference; fileEncoding = 4; lastKnownFileType = sourcecode.cpp.cpp; path = CountandSay.cpp; sourceTree = "<group>"; };
		8323DDC018EC4D29004BF125 /* 4Sum.cpp */ = {isa = PBXFileReference; fileEncoding = 4; lastKnownFileType = sourcecode.cpp.cpp; path = 4Sum.cpp; sourceTree = "<group>"; };
		832675B818EBAA5100143F77 /* ValidSudoku.cpp */ = {isa = PBXFileReference; fileEncoding = 4; lastKnownFileType = sourcecode.cpp.cpp; path = ValidSudoku.cpp; sourceTree = "<group>"; };
		832762C318D977F3003A6B43 /* BinaryTreeMaximumPathSum.cpp */ = {isa = PBXFileReference; fileEncoding = 4; lastKnownFileType = sourcecode.cpp.cpp; name = BinaryTreeMaximumPathSum.cpp; path = Tree/BinaryTreeMaximumPathSum.cpp; sourceTree = "<group>"; };
		8327F21718EA695600F44B0E /* WildcardMatching.cpp */ = {isa = PBXFileReference; fileEncoding = 4; lastKnownFileType = sourcecode.cpp.cpp; path = WildcardMatching.cpp; sourceTree = "<group>"; };
		832BBD8218E9189900C11E2E /* SumRoottoLeafNumbers.cpp */ = {isa = PBXFileReference; fileEncoding = 4; lastKnownFileType = sourcecode.cpp.cpp; name = SumRoottoLeafNumbers.cpp; path = Tree/SumRoottoLeafNumbers.cpp; sourceTree = "<group>"; };
		832BBD8518E93AF400C11E2E /* DecodeWays.cpp */ = {isa = PBXFileReference; fileEncoding = 4; lastKnownFileType = sourcecode.cpp.cpp; path = DecodeWays.cpp; sourceTree = "<group>"; };
		832BBD8818E948BE00C11E2E /* AddBinary.cpp */ = {isa = PBXFileReference; fileEncoding = 4; lastKnownFileType = sourcecode.cpp.cpp; path = AddBinary.cpp; sourceTree = "<group>"; };
		832CA91518EE4C470073B408 /* CloneGraph.cpp */ = {isa = PBXFileReference; fileEncoding = 4; lastKnownFileType = sourcecode.cpp.cpp; name = CloneGraph.cpp; path = DFSBFS/CloneGraph.cpp; sourceTree = "<group>"; };
		832E1C3C1882C8C4001BA17B /* searchRotatedArray.c */ = {isa = PBXFileReference; fileEncoding = 4; lastKnownFileType = sourcecode.c.c; path = searchRotatedArray.c; sourceTree = "<group>"; };
		8334996D18F25E110018D78D /* EvaluateReversePolishNotation.cpp */ = {isa = PBXFileReference; fileEncoding = 4; lastKnownFileType = sourcecode.cpp.cpp; path = EvaluateReversePolishNotation.cpp; sourceTree = "<group>"; };
		833A041618E954EE00DAEE00 /* Anagrams.cpp */ = {isa = PBXFileReference; fileEncoding = 4; lastKnownFileType = sourcecode.cpp.cpp; path = Anagrams.cpp; sourceTree = "<group>"; };
		833BAF8F18F3C5EF0061F988 /* DivideTwoIntegers.cpp */ = {isa = PBXFileReference; fileEncoding = 4; lastKnownFileType = sourcecode.cpp.cpp; path = DivideTwoIntegers.cpp; sourceTree = "<group>"; };
		833CF29E18DDDCC300F0183A /* RemoveDuplicatesfromSortedList.cpp */ = {isa = PBXFileReference; fileEncoding = 4; lastKnownFileType = sourcecode.cpp.cpp; name = RemoveDuplicatesfromSortedList.cpp; path = List/RemoveDuplicatesfromSortedList.cpp; sourceTree = "<group>"; };
		833CF2A218DDDF3F00F0183A /* UniquePaths.cpp */ = {isa = PBXFileReference; fileEncoding = 4; lastKnownFileType = sourcecode.cpp.cpp; path = UniquePaths.cpp; sourceTree = "<group>"; };
		833CF2A518DDE30700F0183A /* UniquePathsII.cpp */ = {isa = PBXFileReference; fileEncoding = 4; lastKnownFileType = sourcecode.cpp.cpp; path = UniquePathsII.cpp; sourceTree = "<group>"; };
		833CF2A818DDE32D00F0183A /* leetcode_dp.h */ = {isa = PBXFileReference; lastKnownFileType = sourcecode.c.h; path = leetcode_dp.h; sourceTree = "<group>"; };
		833D95B918EFF68800D67219 /* SortList.cpp */ = {isa = PBXFileReference; fileEncoding = 4; lastKnownFileType = sourcecode.cpp.cpp; path = SortList.cpp; sourceTree = "<group>"; };
		8348FE1018ED309A008ECA69 /* ScrambleString.cpp */ = {isa = PBXFileReference; fileEncoding = 4; lastKnownFileType = sourcecode.cpp.cpp; name = ScrambleString.cpp; path = DFSBFS/ScrambleString.cpp; sourceTree = "<group>"; };
		834E005518ED9D500076F371 /* PlusOne.cpp */ = {isa = PBXFileReference; fileEncoding = 4; lastKnownFileType = sourcecode.cpp.cpp; path = PlusOne.cpp; sourceTree = "<group>"; };
		834E005818EDA2AC0076F371 /* RotateImage.cpp */ = {isa = PBXFileReference; fileEncoding = 4; lastKnownFileType = sourcecode.cpp.cpp; path = RotateImage.cpp; sourceTree = "<group>"; };
		834F6CBC18F0E67F0004BF8D /* SpiralMatrixII.cpp */ = {isa = PBXFileReference; fileEncoding = 4; lastKnownFileType = sourcecode.cpp.cpp; path = SpiralMatrixII.cpp; sourceTree = "<group>"; };
		8357F17918EE444900A43513 /* ValidNumber.cpp */ = {isa = PBXFileReference; fileEncoding = 4; lastKnownFileType = sourcecode.cpp.cpp; path = ValidNumber.cpp; sourceTree = "<group>"; };
		83595CB418E3CCB9004B34AA /* conquerOffer.h */ = {isa = PBXFileReference; lastKnownFileType = sourcecode.c.h; path = conquerOffer.h; sourceTree = "<group>"; };
		8364F66418E3C5AF008F7C13 /* question12.cpp */ = {isa = PBXFileReference; fileEncoding = 4; lastKnownFileType = sourcecode.cpp.cpp; path = question12.cpp; sourceTree = "<group>"; };
		83666BDD18EA5AAF0084B841 /* MultiplyStrings.cpp */ = {isa = PBXFileReference; fileEncoding = 4; lastKnownFileType = sourcecode.cpp.cpp; path = MultiplyStrings.cpp; sourceTree = "<group>"; };
		8367439D189016670051E377 /* numTrees.cpp */ = {isa = PBXFileReference; fileEncoding = 4; lastKnownFileType = sourcecode.cpp.cpp; path = numTrees.cpp; sourceTree = "<group>"; };
		836A684C18EBBDEF005140BD /* JumpGameII.cpp */ = {isa = PBXFileReference; fileEncoding = 4; lastKnownFileType = sourcecode.cpp.cpp; path = JumpGameII.cpp; sourceTree = "<group>"; };
		836C11C518E11196009F74E7 /* leetcode_others.h */ = {isa = PBXFileReference; lastKnownFileType = sourcecode.c.h; name = leetcode_others.h; path = Others/leetcode_others.h; sourceTree = "<group>"; };
		836C11C618E116CB009F74E7 /* SingleNumber.cpp */ = {isa = PBXFileReference; fileEncoding = 4; lastKnownFileType = sourcecode.cpp.cpp; path = SingleNumber.cpp; sourceTree = "<group>"; };
		836C11C818E11809009F74E7 /* MaximumSubarray.cpp */ = {isa = PBXFileReference; fileEncoding = 4; lastKnownFileType = sourcecode.cpp.cpp; path = MaximumSubarray.cpp; sourceTree = "<group>"; };
		836C11E518E122C7009F74E7 /* LargestRectangularAreainaHistogram.cpp */ = {isa = PBXFileReference; fileEncoding = 4; lastKnownFileType = sourcecode.cpp.cpp; path = LargestRectangularAreainaHistogram.cpp; sourceTree = "<group>"; };
		836C11E618E122C7009F74E7 /* LargestRectangularAreainaHistogramV2.cpp */ = {isa = PBXFileReference; fileEncoding = 4; lastKnownFileType = sourcecode.cpp.cpp; path = LargestRectangularAreainaHistogramV2.cpp; sourceTree = "<group>"; };
		836C11E718E122C7009F74E7 /* LargestRectangularAreainaHistogramV3.cpp */ = {isa = PBXFileReference; fileEncoding = 4; lastKnownFileType = sourcecode.cpp.cpp; path = LargestRectangularAreainaHistogramV3.cpp; sourceTree = "<group>"; };
		836C11E818E122C7009F74E7 /* MaximalRectangle.cpp */ = {isa = PBXFileReference; fileEncoding = 4; lastKnownFileType = sourcecode.cpp.cpp; path = MaximalRectangle.cpp; sourceTree = "<group>"; };
		836C11F118E1522C009F74E7 /* 2Sum.cpp */ = {isa = PBXFileReference; fileEncoding = 4; lastKnownFileType = sourcecode.cpp.cpp; path = 2Sum.cpp; sourceTree = "<group>"; };
		836C11F218E1522C009F74E7 /* 3Sum.cpp */ = {isa = PBXFileReference; fileEncoding = 4; lastKnownFileType = sourcecode.cpp.cpp; path = 3Sum.cpp; sourceTree = "<group>"; };
		836C11F518E154E1009F74E7 /* MinimumPathSum.cpp */ = {isa = PBXFileReference; fileEncoding = 4; lastKnownFileType = sourcecode.cpp.cpp; path = MinimumPathSum.cpp; sourceTree = "<group>"; };
		836C11F618E154E1009F74E7 /* SingleNumberIII.cpp */ = {isa = PBXFileReference; fileEncoding = 4; lastKnownFileType = sourcecode.cpp.cpp; path = SingleNumberIII.cpp; sourceTree = "<group>"; };
		836C11FB18E15596009F74E7 /* ContainerWithMostWater.cpp */ = {isa = PBXFileReference; fileEncoding = 4; lastKnownFileType = sourcecode.cpp.cpp; path = ContainerWithMostWater.cpp; sourceTree = "<group>"; };
		836C11FD18E1663E009F74E7 /* RemoveElement.cpp */ = {isa = PBXFileReference; fileEncoding = 4; lastKnownFileType = sourcecode.cpp.cpp; path = RemoveElement.cpp; sourceTree = "<group>"; };
		836C120018E16C83009F74E7 /* Triangle.cpp */ = {isa = PBXFileReference; fileEncoding = 4; lastKnownFileType = sourcecode.cpp.cpp; path = Triangle.cpp; sourceTree = "<group>"; };
		836C120218E16D03009F74E7 /* ReverseInteger.cpp */ = {isa = PBXFileReference; fileEncoding = 4; lastKnownFileType = sourcecode.cpp.cpp; path = ReverseInteger.cpp; sourceTree = "<group>"; };
		836C120618E16DD8009F74E7 /* BestTimetoBuyandSellStock.cpp */ = {isa = PBXFileReference; fileEncoding = 4; lastKnownFileType = sourcecode.cpp.cpp; path = BestTimetoBuyandSellStock.cpp; sourceTree = "<group>"; };
		836C120818E16DD8009F74E7 /* BestTimetoBuyandSellStockII.cpp */ = {isa = PBXFileReference; fileEncoding = 4; lastKnownFileType = sourcecode.cpp.cpp; path = BestTimetoBuyandSellStockII.cpp; sourceTree = "<group>"; };
		836C120A18E16DD8009F74E7 /* BestTimetoBuyandSellStockIII.cpp */ = {isa = PBXFileReference; fileEncoding = 4; lastKnownFileType = sourcecode.cpp.cpp; path = BestTimetoBuyandSellStockIII.cpp; sourceTree = "<group>"; };
		836C120C18E16DD8009F74E7 /* BestTimetoBuyandSellStockIIIV2.cpp */ = {isa = PBXFileReference; fileEncoding = 4; lastKnownFileType = sourcecode.cpp.cpp; path = BestTimetoBuyandSellStockIIIV2.cpp; sourceTree = "<group>"; };
		836C121318E1774D009F74E7 /* findMedianSortedArrays.cpp */ = {isa = PBXFileReference; fileEncoding = 4; lastKnownFileType = sourcecode.cpp.cpp; path = findMedianSortedArrays.cpp; sourceTree = "<group>"; };
		836C121418E1774D009F74E7 /* SearchforaRange.cpp */ = {isa = PBXFileReference; fileEncoding = 4; lastKnownFileType = sourcecode.cpp.cpp; path = SearchforaRange.cpp; sourceTree = "<group>"; };
		836C121518E1774D009F74E7 /* SearchinRotatedSortedArray.cpp */ = {isa = PBXFileReference; fileEncoding = 4; lastKnownFileType = sourcecode.cpp.cpp; path = SearchinRotatedSortedArray.cpp; sourceTree = "<group>"; };
		836C121718E1774D009F74E7 /* SearchInsertPosition.cpp */ = {isa = PBXFileReference; fileEncoding = 4; lastKnownFileType = sourcecode.cpp.cpp; path = SearchInsertPosition.cpp; sourceTree = "<group>"; };
		836C121818E1774D009F74E7 /* SqrtX.cpp */ = {isa = PBXFileReference; fileEncoding = 4; lastKnownFileType = sourcecode.cpp.cpp; path = SqrtX.cpp; sourceTree = "<group>"; };
		836C121F18E17C7E009F74E7 /* SearchinRotatedSortedArrayII.cpp */ = {isa = PBXFileReference; fileEncoding = 4; lastKnownFileType = sourcecode.cpp.cpp; path = SearchinRotatedSortedArrayII.cpp; sourceTree = "<group>"; };
		836D865318EFA91000044C79 /* ReorderList.cpp */ = {isa = PBXFileReference; fileEncoding = 4; lastKnownFileType = sourcecode.cpp.cpp; name = ReorderList.cpp; path = List/ReorderList.cpp; sourceTree = "<group>"; };
		836E01FF18D93333005D780E /* MinimumDepthofBinaryTree.cpp */ = {isa = PBXFileReference; fileEncoding = 4; lastKnownFileType = sourcecode.cpp.cpp; name = MinimumDepthofBinaryTree.cpp; path = Tree/MinimumDepthofBinaryTree.cpp; sourceTree = "<group>"; };
		836E020118D934FD005D780E /* BinaryTreeInorderTraversal.cpp */ = {isa = PBXFileReference; fileEncoding = 4; lastKnownFileType = sourcecode.cpp.cpp; name = BinaryTreeInorderTraversal.cpp; path = Tree/BinaryTreeInorderTraversal.cpp; sourceTree = "<group>"; };
		836E020418D935D2005D780E /* SameTree.cpp */ = {isa = PBXFileReference; fileEncoding = 4; lastKnownFileType = sourcecode.cpp.cpp; name = SameTree.cpp; path = Tree/SameTree.cpp; sourceTree = "<group>"; };
		836E020718D93742005D780E /* ValidateBinarySearchTree.cpp */ = {isa = PBXFileReference; fileEncoding = 4; lastKnownFileType = sourcecode.cpp.cpp; name = ValidateBinarySearchTree.cpp; path = Tree/ValidateBinarySearchTree.cpp; sourceTree = "<group>"; };
		836E020A18D93A2B005D780E /* BinaryTreeLevelOrderTraversalII.cpp */ = {isa = PBXFileReference; fileEncoding = 4; lastKnownFileType = sourcecode.cpp.cpp; name = BinaryTreeLevelOrderTraversalII.cpp; path = Tree/BinaryTreeLevelOrderTraversalII.cpp; sourceTree = "<group>"; };
		836E020D18D93EAF005D780E /* leetcode_list.h */ = {isa = PBXFileReference; lastKnownFileType = sourcecode.c.h; name = leetcode_list.h; path = List/leetcode_list.h; sourceTree = "<group>"; };
		836E020E18D94005005D780E /* addTwoNumbers.cpp */ = {isa = PBXFileReference; fileEncoding = 4; lastKnownFileType = sourcecode.cpp.cpp; name = addTwoNumbers.cpp; path = List/addTwoNumbers.cpp; sourceTree = "<group>"; };
		836E021018D9407E005D780E /* MergeTwoSortedLists.cpp */ = {isa = PBXFileReference; fileEncoding = 4; lastKnownFileType = sourcecode.cpp.cpp; name = MergeTwoSortedLists.cpp; path = List/MergeTwoSortedLists.cpp; sourceTree = "<group>"; };
		836E021118D9407E005D780E /* PartitionList.cpp */ = {isa = PBXFileReference; fileEncoding = 4; lastKnownFileType = sourcecode.cpp.cpp; name = PartitionList.cpp; path = List/PartitionList.cpp; sourceTree = "<group>"; };
		836E021418D940DF005D780E /* SwapNodesinPairs.cpp */ = {isa = PBXFileReference; fileEncoding = 4; lastKnownFileType = sourcecode.cpp.cpp; name = SwapNodesinPairs.cpp; path = List/SwapNodesinPairs.cpp; sourceTree = "<group>"; };
		836E021818D9435E005D780E /* MergekSortedLists.cpp */ = {isa = PBXFileReference; fileEncoding = 4; lastKnownFileType = sourcecode.cpp.cpp; name = MergekSortedLists.cpp; path = List/MergekSortedLists.cpp; sourceTree = "<group>"; };
		836EAB0C18EE33AC0019C474 /* Searcha2DMatrix.cpp */ = {isa = PBXFileReference; fileEncoding = 4; lastKnownFileType = sourcecode.cpp.cpp; path = Searcha2DMatrix.cpp; sourceTree = "<group>"; };
		836EAB0F18EE37100019C474 /* SimplifyPath.cpp */ = {isa = PBXFileReference; fileEncoding = 4; lastKnownFileType = sourcecode.cpp.cpp; path = SimplifyPath.cpp; sourceTree = "<group>"; };
		836F5F6818D9307F0015BB81 /* MaximumDepthofBinaryTree.cpp */ = {isa = PBXFileReference; fileEncoding = 4; lastKnownFileType = sourcecode.cpp.cpp; name = MaximumDepthofBinaryTree.cpp; path = Tree/MaximumDepthofBinaryTree.cpp; sourceTree = "<group>"; };
		83710F6D18EAA66F00C38F13 /* GasStation.cpp */ = {isa = PBXFileReference; fileEncoding = 4; lastKnownFileType = sourcecode.cpp.cpp; path = GasStation.cpp; sourceTree = "<group>"; };
		8376836018F02FA3000A401B /* SpiralMatrix.cpp */ = {isa = PBXFileReference; fileEncoding = 4; lastKnownFileType = sourcecode.cpp.cpp; path = SpiralMatrix.cpp; sourceTree = "<group>"; };
		8376836318F04731000A401B /* TrappingRainWater.cpp */ = {isa = PBXFileReference; fileEncoding = 4; lastKnownFileType = sourcecode.cpp.cpp; path = TrappingRainWater.cpp; sourceTree = "<group>"; };
		837C08D118E3F7ED004C85B3 /* MergeIntervals.cpp */ = {isa = PBXFileReference; fileEncoding = 4; lastKnownFileType = sourcecode.cpp.cpp; path = MergeIntervals.cpp; sourceTree = "<group>"; };
		837C08D318E3F800004C85B3 /* leetcode_sort.h */ = {isa = PBXFileReference; lastKnownFileType = sourcecode.c.h; path = leetcode_sort.h; sourceTree = "<group>"; };
		837C162D18EA49EC00B1F5B9 /* LetterCombinationsofaPhoneNumber.cpp */ = {isa = PBXFileReference; fileEncoding = 4; lastKnownFileType = sourcecode.cpp.cpp; name = LetterCombinationsofaPhoneNumber.cpp; path = Permutation/LetterCombinationsofaPhoneNumber.cpp; sourceTree = "<group>"; };
		837DCDAD18E3017400532881 /* PowXN.cpp */ = {isa = PBXFileReference; fileEncoding = 4; lastKnownFileType = sourcecode.cpp.cpp; path = PowXN.cpp; sourceTree = "<group>"; };
		837E130518E27DE40037AA5B /* ASingleton.cpp */ = {isa = PBXFileReference; fileEncoding = 4; lastKnownFileType = sourcecode.cpp.cpp; path = ASingleton.cpp; sourceTree = "<group>"; };
		837E130618E27DE40037AA5B /* ASingleton.h */ = {isa = PBXFileReference; fileEncoding = 4; lastKnownFileType = sourcecode.c.h; path = ASingleton.h; sourceTree = "<group>"; };
		837FE15618ED452800145C16 /* RestoreIPAddresses.cpp */ = {isa = PBXFileReference; fileEncoding = 4; lastKnownFileType = sourcecode.cpp.cpp; name = RestoreIPAddresses.cpp; path = Permutation/RestoreIPAddresses.cpp; sourceTree = "<group>"; };
		8381A4C318EBE3F0008851BC /* JumpGame.cpp */ = {isa = PBXFileReference; fileEncoding = 4; lastKnownFileType = sourcecode.cpp.cpp; path = JumpGame.cpp; sourceTree = "<group>"; };
		8381A4C618EBEB9E008851BC /* PopulatingNextRightPointersinEachNode.cpp */ = {isa = PBXFileReference; fileEncoding = 4; lastKnownFileType = sourcecode.cpp.cpp; name = PopulatingNextRightPointersinEachNode.cpp; path = Tree/PopulatingNextRightPointersinEachNode.cpp; sourceTree = "<group>"; };
		8381A4C918EBF3B9008851BC /* PopulatingNextRightPointersinEachNodeII.cpp */ = {isa = PBXFileReference; fileEncoding = 4; lastKnownFileType = sourcecode.cpp.cpp; name = PopulatingNextRightPointersinEachNodeII.cpp; path = Tree/PopulatingNextRightPointersinEachNodeII.cpp; sourceTree = "<group>"; };
		8381A4CC18EC055A008851BC /* PascalsTriangle.cpp */ = {isa = PBXFileReference; fileEncoding = 4; lastKnownFileType = sourcecode.cpp.cpp; path = PascalsTriangle.cpp; sourceTree = "<group>"; };
		8381A4CF18EC0BF7008851BC /* PascalsTriangleII.cpp */ = {isa = PBXFileReference; fileEncoding = 4; lastKnownFileType = sourcecode.cpp.cpp; path = PascalsTriangleII.cpp; sourceTree = "<group>"; };
		8381D1FC18EAF0D300ADA26A /* N-QueensII.cpp */ = {isa = PBXFileReference; fileEncoding = 4; lastKnownFileType = sourcecode.cpp.cpp; name = "N-QueensII.cpp"; path = "Permutation/N-QueensII.cpp"; sourceTree = "<group>"; };
		8381D1FF18EAF3DE00ADA26A /* LengthofLastWord.cpp */ = {isa = PBXFileReference; fileEncoding = 4; lastKnownFileType = sourcecode.cpp.cpp; path = LengthofLastWord.cpp; sourceTree = "<group>"; };
		8384520918F0EDEB008D7146 /* LongestPalindromicSubstring.cpp */ = {isa = PBXFileReference; fileEncoding = 4; lastKnownFileType = sourcecode.cpp.cpp; path = LongestPalindromicSubstring.cpp; sourceTree = "<group>"; };
		838737FE188EACF7001732CE /* Header.h */ = {isa = PBXFileReference; lastKnownFileType = sourcecode.c.h; path = Header.h; sourceTree = "<group>"; };
		838ABDE318DAD02600F03599 /* BigNumber.cpp */ = {isa = PBXFileReference; fileEncoding = 4; lastKnownFileType = sourcecode.cpp.cpp; path = BigNumber.cpp; sourceTree = "<group>"; };
		838ABDE418DAD02600F03599 /* BigNumber.h */ = {isa = PBXFileReference; fileEncoding = 4; lastKnownFileType = sourcecode.c.h; path = BigNumber.h; sourceTree = "<group>"; };
		838F3A0018F2F2F4006F7121 /* ReverseWordsinaString.cpp */ = {isa = PBXFileReference; fileEncoding = 4; lastKnownFileType = sourcecode.cpp.cpp; path = ReverseWordsinaString.cpp; sourceTree = "<group>"; };
		838F9EDA18F0FE5000B7685A /* PalindromePartitioning.cpp */ = {isa = PBXFileReference; fileEncoding = 4; lastKnownFileType = sourcecode.cpp.cpp; path = PalindromePartitioning.cpp; sourceTree = "<group>"; };
		83906DCE18EB989000C8CDF9 /* SudokuSolver.cpp */ = {isa = PBXFileReference; fileEncoding = 4; lastKnownFileType = sourcecode.cpp.cpp; name = SudokuSolver.cpp; path = Permutation/SudokuSolver.cpp; sourceTree = "<group>"; };
		83962C4F18ED06F7008BFCF3 /* PalindromeNumber.cpp */ = {isa = PBXFileReference; fileEncoding = 4; lastKnownFileType = sourcecode.cpp.cpp; path = PalindromeNumber.cpp; sourceTree = "<group>"; };
		839B1CFF18EAB28A003D5C47 /* N-Queens.cpp */ = {isa = PBXFileReference; fileEncoding = 4; lastKnownFileType = sourcecode.cpp.cpp; name = "N-Queens.cpp"; path = "Permutation/N-Queens.cpp"; sourceTree = "<group>"; };
		83A1B5C618EFB78500DE3F6F /* Candy.cpp */ = {isa = PBXFileReference; fileEncoding = 4; lastKnownFileType = sourcecode.cpp.cpp; path = Candy.cpp; sourceTree = "<group>"; };
		83A23E2418DC11CA0089A169 /* LinkedListCycle.cpp */ = {isa = PBXFileReference; fileEncoding = 4; lastKnownFileType = sourcecode.cpp.cpp; name = LinkedListCycle.cpp; path = List/LinkedListCycle.cpp; sourceTree = "<group>"; };
		83A23E2718DC12550089A169 /* LinkedListCycleII.cpp */ = {isa = PBXFileReference; fileEncoding = 4; lastKnownFileType = sourcecode.cpp.cpp; name = LinkedListCycleII.cpp; path = List/LinkedListCycleII.cpp; sourceTree = "<group>"; };
		83A23E2A18DC2AC20089A169 /* RemoveDuplicatesfromSortedListII.cpp */ = {isa = PBXFileReference; fileEncoding = 4; lastKnownFileType = sourcecode.cpp.cpp; name = RemoveDuplicatesfromSortedListII.cpp; path = List/RemoveDuplicatesfromSortedListII.cpp; sourceTree = "<group>"; };
		83A23E2D18DC2C310089A169 /* RemoveNthNodeFromEndofList.cpp */ = {isa = PBXFileReference; fileEncoding = 4; lastKnownFileType = sourcecode.cpp.cpp; name = RemoveNthNodeFromEndofList.cpp; path = List/RemoveNthNodeFromEndofList.cpp; sourceTree = "<group>"; };
		83A23E3018DC36BD0089A169 /* ReverseLinkedListII.cpp */ = {isa = PBXFileReference; fileEncoding = 4; lastKnownFileType = sourcecode.cpp.cpp; name = ReverseLinkedListII.cpp; path = List/ReverseLinkedListII.cpp; sourceTree = "<group>"; };
		83A4B5A718DA7F260089B7FE /* hashtableAndSTLmap.md */ = {isa = PBXFileReference; lastKnownFileType = text; path = hashtableAndSTLmap.md; sourceTree = "<group>"; };
		83A4B5A818DA81100089B7FE /* align_malloc.cpp */ = {isa = PBXFileReference; fileEncoding = 4; lastKnownFileType = sourcecode.cpp.cpp; path = align_malloc.cpp; sourceTree = "<group>"; };
		83A4B5AB18DA86180089B7FE /* PermutationsII.cpp */ = {isa = PBXFileReference; fileEncoding = 4; lastKnownFileType = sourcecode.cpp.cpp; name = PermutationsII.cpp; path = Permutation/PermutationsII.cpp; sourceTree = "<group>"; };
		83A4B5AE18DA863D0089B7FE /* leetcode_permutation.h */ = {isa = PBXFileReference; fileEncoding = 4; lastKnownFileType = sourcecode.c.h; name = leetcode_permutation.h; path = Permutation/leetcode_permutation.h; sourceTree = "<group>"; };
		83B0CD4E18D4A5F900B69862 /* CopyListwithRandomPointer.cpp */ = {isa = PBXFileReference; fileEncoding = 4; lastKnownFileType = sourcecode.cpp.cpp; name = CopyListwithRandomPointer.cpp; path = List/CopyListwithRandomPointer.cpp; sourceTree = "<group>"; };
		83B0CD5018D4A5F900B69862 /* CopyListwithRandomPointer2.cpp */ = {isa = PBXFileReference; fileEncoding = 4; lastKnownFileType = sourcecode.cpp.cpp; name = CopyListwithRandomPointer2.cpp; path = List/CopyListwithRandomPointer2.cpp; sourceTree = "<group>"; };
		83B0CD5A18D4A61200B69862 /* BalancedBinaryTree.cpp */ = {isa = PBXFileReference; fileEncoding = 4; lastKnownFileType = sourcecode.cpp.cpp; name = BalancedBinaryTree.cpp; path = Tree/BalancedBinaryTree.cpp; sourceTree = "<group>"; };
		83B0CD5C18D4A61200B69862 /* BinaryTreeLevelOrderTraversal.cpp */ = {isa = PBXFileReference; fileEncoding = 4; lastKnownFileType = sourcecode.cpp.cpp; name = BinaryTreeLevelOrderTraversal.cpp; path = Tree/BinaryTreeLevelOrderTraversal.cpp; sourceTree = "<group>"; };
		83B0CD5E18D4A61200B69862 /* BinaryTreePostorderTraversal.cpp */ = {isa = PBXFileReference; fileEncoding = 4; lastKnownFileType = sourcecode.cpp.cpp; name = BinaryTreePostorderTraversal.cpp; path = Tree/BinaryTreePostorderTraversal.cpp; sourceTree = "<group>"; };
		83B0CD6218D4A61200B69862 /* BinaryTreePreorderTraversal.cpp */ = {isa = PBXFileReference; fileEncoding = 4; lastKnownFileType = sourcecode.cpp.cpp; name = BinaryTreePreorderTraversal.cpp; path = Tree/BinaryTreePreorderTraversal.cpp; sourceTree = "<group>"; };
		83B0CD6418D4A61200B69862 /* BinaryTreeZigzagLevelOrderTraversal.cpp */ = {isa = PBXFileReference; fileEncoding = 4; lastKnownFileType = sourcecode.cpp.cpp; name = BinaryTreeZigzagLevelOrderTraversal.cpp; path = Tree/BinaryTreeZigzagLevelOrderTraversal.cpp; sourceTree = "<group>"; };
		83B0CD6618D4A61200B69862 /* ConstructBinaryTreefromInorderandPostorderTraversal.cpp */ = {isa = PBXFileReference; fileEncoding = 4; lastKnownFileType = sourcecode.cpp.cpp; name = ConstructBinaryTreefromInorderandPostorderTraversal.cpp; path = Tree/ConstructBinaryTreefromInorderandPostorderTraversal.cpp; sourceTree = "<group>"; };
		83B0CD6818D4A61200B69862 /* ConstructBinaryTreefromInorderandPreorderTraversal.cpp */ = {isa = PBXFileReference; fileEncoding = 4; lastKnownFileType = sourcecode.cpp.cpp; name = ConstructBinaryTreefromInorderandPreorderTraversal.cpp; path = Tree/ConstructBinaryTreefromInorderandPreorderTraversal.cpp; sourceTree = "<group>"; };
		83B0CD6A18D4A61200B69862 /* ConvertSortedListtoBinarySearchTree.cpp */ = {isa = PBXFileReference; fileEncoding = 4; lastKnownFileType = sourcecode.cpp.cpp; name = ConvertSortedListtoBinarySearchTree.cpp; path = Tree/ConvertSortedListtoBinarySearchTree.cpp; sourceTree = "<group>"; };
		83B0CD6C18D4A61200B69862 /* FlattenBinaryTreetoLinkedList.cpp */ = {isa = PBXFileReference; fileEncoding = 4; lastKnownFileType = sourcecode.cpp.cpp; name = FlattenBinaryTreetoLinkedList.cpp; path = Tree/FlattenBinaryTreetoLinkedList.cpp; sourceTree = "<group>"; };
		83B0CD6E18D4A61200B69862 /* RecoverBinarySearchTree.cpp */ = {isa = PBXFileReference; fileEncoding = 4; lastKnownFileType = sourcecode.cpp.cpp; name = RecoverBinarySearchTree.cpp; path = Tree/RecoverBinarySearchTree.cpp; sourceTree = "<group>"; };
		83B0CD7218D4A61200B69862 /* SymmetricTree.cpp */ = {isa = PBXFileReference; fileEncoding = 4; lastKnownFileType = sourcecode.cpp.cpp; name = SymmetricTree.cpp; path = Tree/SymmetricTree.cpp; sourceTree = "<group>"; };
		83B0CD7418D4A61200B69862 /* UniqueBinarySearchTreesII.cpp */ = {isa = PBXFileReference; fileEncoding = 4; lastKnownFileType = sourcecode.cpp.cpp; name = UniqueBinarySearchTreesII.cpp; path = Tree/UniqueBinarySearchTreesII.cpp; sourceTree = "<group>"; };
		83B0CD8618D4A62800B69862 /* PathSum.cpp */ = {isa = PBXFileReference; fileEncoding = 4; lastKnownFileType = sourcecode.cpp.cpp; name = PathSum.cpp; path = DFSBFS/PathSum.cpp; sourceTree = "<group>"; };
		83B0CD8818D4A62800B69862 /* PathSumII.cpp */ = {isa = PBXFileReference; fileEncoding = 4; lastKnownFileType = sourcecode.cpp.cpp; name = PathSumII.cpp; path = DFSBFS/PathSumII.cpp; sourceTree = "<group>"; };
		83B0CDA518D4A67600B69862 /* Combinations.cpp */ = {isa = PBXFileReference; fileEncoding = 4; lastKnownFileType = sourcecode.cpp.cpp; name = Combinations.cpp; path = Permutation/Combinations.cpp; sourceTree = "<group>"; };
		83B0CDA718D4A67600B69862 /* CombinationSum.cpp */ = {isa = PBXFileReference; fileEncoding = 4; lastKnownFileType = sourcecode.cpp.cpp; name = CombinationSum.cpp; path = Permutation/CombinationSum.cpp; sourceTree = "<group>"; };
		83B0CDA918D4A67600B69862 /* NextPermutation.cpp */ = {isa = PBXFileReference; fileEncoding = 4; lastKnownFileType = sourcecode.cpp.cpp; name = NextPermutation.cpp; path = Permutation/NextPermutation.cpp; sourceTree = "<group>"; };
		83B0CDAB18D4A67600B69862 /* Permutations.cpp */ = {isa = PBXFileReference; fileEncoding = 4; lastKnownFileType = sourcecode.cpp.cpp; name = Permutations.cpp; path = Permutation/Permutations.cpp; sourceTree = "<group>"; };
		83B0CDAD18D4A67600B69862 /* PermutationSequence.cpp */ = {isa = PBXFileReference; fileEncoding = 4; lastKnownFileType = sourcecode.cpp.cpp; name = PermutationSequence.cpp; path = Permutation/PermutationSequence.cpp; sourceTree = "<group>"; };
		83B0CDAF18D4A67600B69862 /* PermutationsUnique.cpp */ = {isa = PBXFileReference; fileEncoding = 4; lastKnownFileType = sourcecode.cpp.cpp; name = PermutationsUnique.cpp; path = Permutation/PermutationsUnique.cpp; sourceTree = "<group>"; };
		83B0CDB118D4A67600B69862 /* Subsets.cpp */ = {isa = PBXFileReference; fileEncoding = 4; lastKnownFileType = sourcecode.cpp.cpp; name = Subsets.cpp; path = Permutation/Subsets.cpp; sourceTree = "<group>"; };
		83B0CDB318D4A67600B69862 /* SubsetsII.cpp */ = {isa = PBXFileReference; fileEncoding = 4; lastKnownFileType = sourcecode.cpp.cpp; name = SubsetsII.cpp; path = Permutation/SubsetsII.cpp; sourceTree = "<group>"; };
		83B0CDC018D4A6B700B69862 /* main.cpp */ = {isa = PBXFileReference; fileEncoding = 4; lastKnownFileType = sourcecode.cpp.cpp; path = main.cpp; sourceTree = "<group>"; };
		83B7C39E18F16A32009DC3A0 /* RotateList.cpp */ = {isa = PBXFileReference; fileEncoding = 4; lastKnownFileType = sourcecode.cpp.cpp; name = RotateList.cpp; path = List/RotateList.cpp; sourceTree = "<group>"; };
		83BC099E18F1258B00A1B49B /* PalindromePartitioningII.cpp */ = {isa = PBXFileReference; fileEncoding = 4; lastKnownFileType = sourcecode.cpp.cpp; path = PalindromePartitioningII.cpp; sourceTree = "<group>"; };
		83BEB9F518F2F7E6007DD357 /* InterleavingString.cpp */ = {isa = PBXFileReference; fileEncoding = 4; lastKnownFileType = sourcecode.cpp.cpp; path = InterleavingString.cpp; sourceTree = "<group>"; };
		83C2662918F4E07D0018A251 /* InsertionSortList.cpp */ = {isa = PBXFileReference; fileEncoding = 4; lastKnownFileType = sourcecode.cpp.cpp; path = InsertionSortList.cpp; sourceTree = "<group>"; };
		83C324D318F23F0B007ED67C /* ReverseNodesink-Group.cpp */ = {isa = PBXFileReference; fileEncoding = 4; lastKnownFileType = sourcecode.cpp.cpp; name = "ReverseNodesink-Group.cpp"; path = "List/ReverseNodesink-Group.cpp"; sourceTree = "<group>"; };
		83C324D618F25AB3007ED67C /* DistinctSubsequences.cpp */ = {isa = PBXFileReference; fileEncoding = 4; lastKnownFileType = sourcecode.cpp.cpp; path = DistinctSubsequences.cpp; sourceTree = "<group>"; };
		83C35B5918E41F19003A1E73 /* MergeSortedArray.cpp */ = {isa = PBXFileReference; fileEncoding = 4; lastKnownFileType = sourcecode.cpp.cpp; path = MergeSortedArray.cpp; sourceTree = "<group>"; };
		83C4213B18E99EB70055E26B /* GenerateParentheses.cpp */ = {isa = PBXFileReference; fileEncoding = 4; lastKnownFileType = sourcecode.cpp.cpp; name = GenerateParentheses.cpp; path = Permutation/GenerateParentheses.cpp; sourceTree = "<group>"; };
		83C4213E18E9B2310055E26B /* RomantoInteger.cpp */ = {isa = PBXFileReference; fileEncoding = 4; lastKnownFileType = sourcecode.cpp.cpp; path = RomantoInteger.cpp; sourceTree = "<group>"; };
		83C4214118E9B6FC0055E26B /* IntegertoRoman.cpp */ = {isa = PBXFileReference; fileEncoding = 4; lastKnownFileType = sourcecode.cpp.cpp; path = IntegertoRoman.cpp; sourceTree = "<group>"; };
		83C4B96C18E01F6D0028AC56 /* QuickSort.cpp */ = {isa = PBXFileReference; fileEncoding = 4; lastKnownFileType = sourcecode.cpp.cpp; path = QuickSort.cpp; sourceTree = "<group>"; };
		83C4B96F18E022950028AC56 /* other_sort.h */ = {isa = PBXFileReference; lastKnownFileType = sourcecode.c.h; path = other_sort.h; sourceTree = "<group>"; };
		83C7AB4418EA534D00A51E3F /* RemoveDuplicatesfromSortedArrayII.cpp */ = {isa = PBXFileReference; fileEncoding = 4; lastKnownFileType = sourcecode.cpp.cpp; path = RemoveDuplicatesfromSortedArrayII.cpp; sourceTree = "<group>"; };
		83C8EFAD18EA50E0001C2E36 /* RemoveDuplicatesfromSortedArray.cpp */ = {isa = PBXFileReference; fileEncoding = 4; lastKnownFileType = sourcecode.cpp.cpp; path = RemoveDuplicatesfromSortedArray.cpp; sourceTree = "<group>"; };
		83CF229218D82C920085AF17 /* UniqueBinarySearchTrees.cpp */ = {isa = PBXFileReference; fileEncoding = 4; lastKnownFileType = sourcecode.cpp.cpp; name = UniqueBinarySearchTrees.cpp; path = Tree/UniqueBinarySearchTrees.cpp; sourceTree = "<group>"; };
		83D266B218D8246600621577 /* ConvertSortedArraytoBinarySearchTree.cpp */ = {isa = PBXFileReference; fileEncoding = 4; lastKnownFileType = sourcecode.cpp.cpp; name = ConvertSortedArraytoBinarySearchTree.cpp; path = Tree/ConvertSortedArraytoBinarySearchTree.cpp; sourceTree = "<group>"; };
		83D266B518D8249700621577 /* leetcode_tree.h */ = {isa = PBXFileReference; lastKnownFileType = sourcecode.c.h; name = leetcode_tree.h; path = Tree/leetcode_tree.h; sourceTree = "<group>"; };
		83D266D918D82A8300621577 /* longestCommonSubSequence.cpp */ = {isa = PBXFileReference; lastKnownFileType = sourcecode.cpp.cpp; path = longestCommonSubSequence.cpp; sourceTree = "<group>"; };
		83D266DA18D82A8300621577 /* longestCommonSubSequence.h */ = {isa = PBXFileReference; lastKnownFileType = sourcecode.c.h; path = longestCommonSubSequence.h; sourceTree = "<group>"; };
		83D266DB18D82A8300621577 /* longestCommonSubstring.cpp */ = {isa = PBXFileReference; lastKnownFileType = sourcecode.cpp.cpp; path = longestCommonSubstring.cpp; sourceTree = "<group>"; };
		83D266DC18D82A8300621577 /* longestCommonSubstring.h */ = {isa = PBXFileReference; lastKnownFileType = sourcecode.c.h; path = longestCommonSubstring.h; sourceTree = "<group>"; };
		83D266DE18D82A8300621577 /* convert_to_link.c */ = {isa = PBXFileReference; lastKnownFileType = sourcecode.c.c; path = convert_to_link.c; sourceTree = "<group>"; };
		83D266DF18D82A8300621577 /* is_binarysearch_tree.c */ = {isa = PBXFileReference; lastKnownFileType = sourcecode.c.c; path = is_binarysearch_tree.c; sourceTree = "<group>"; };
		83D266E018D82A8300621577 /* is_sub_tree.c */ = {isa = PBXFileReference; lastKnownFileType = sourcecode.c.c; path = is_sub_tree.c; sourceTree = "<group>"; };
		83D266E118D82A8300621577 /* tree_is_balance.c */ = {isa = PBXFileReference; lastKnownFileType = sourcecode.c.c; path = tree_is_balance.c; sourceTree = "<group>"; };
		83D266E218D82A8300621577 /* tree_search.c */ = {isa = PBXFileReference; lastKnownFileType = sourcecode.c.c; path = tree_search.c; sourceTree = "<group>"; };
		83D35ECB18DA9F270040586E /* atoi.cpp */ = {isa = PBXFileReference; fileEncoding = 4; lastKnownFileType = sourcecode.cpp.cpp; path = atoi.cpp; sourceTree = "<group>"; };
		83D35ECC18DA9F270040586E /* leetcode_string.h */ = {isa = PBXFileReference; fileEncoding = 4; lastKnownFileType = sourcecode.c.h; path = leetcode_string.h; sourceTree = "<group>"; };
		83D35ECD18DA9F270040586E /* LongestCommonPrefix.cpp */ = {isa = PBXFileReference; fileEncoding = 4; lastKnownFileType = sourcecode.cpp.cpp; path = LongestCommonPrefix.cpp; sourceTree = "<group>"; };
		83D35ECE18DA9F270040586E /* LongestSubstringWithoutRepeatingCharacters.cpp */ = {isa = PBXFileReference; fileEncoding = 4; lastKnownFileType = sourcecode.cpp.cpp; path = LongestSubstringWithoutRepeatingCharacters.cpp; sourceTree = "<group>"; };
		83D35ECF18DA9F270040586E /* MinimumWindowSubstring.cpp */ = {isa = PBXFileReference; fileEncoding = 4; lastKnownFileType = sourcecode.cpp.cpp; path = MinimumWindowSubstring.cpp; sourceTree = "<group>"; };
		83D35ED018DA9F270040586E /* RegularExpressionMatching.cpp */ = {isa = PBXFileReference; fileEncoding = 4; lastKnownFileType = sourcecode.cpp.cpp; path = RegularExpressionMatching.cpp; sourceTree = "<group>"; };
		83D35ED118DA9F270040586E /* SubstringwithConcatenationofAllWords.cpp */ = {isa = PBXFileReference; fileEncoding = 4; lastKnownFileType = sourcecode.cpp.cpp; path = SubstringwithConcatenationofAllWords.cpp; sourceTree = "<group>"; };
		83D35ED318DA9F270040586E /* WordBreak.cpp */ = {isa = PBXFileReference; fileEncoding = 4; lastKnownFileType = sourcecode.cpp.cpp; path = WordBreak.cpp; sourceTree = "<group>"; };
		83D35ED418DA9F270040586E /* WordBreakII.cpp */ = {isa = PBXFileReference; fileEncoding = 4; lastKnownFileType = sourcecode.cpp.cpp; path = WordBreakII.cpp; sourceTree = "<group>"; };
		83D35ED518DA9F270040586E /* WordSearch.cpp */ = {isa = PBXFileReference; fileEncoding = 4; lastKnownFileType = sourcecode.cpp.cpp; path = WordSearch.cpp; sourceTree = "<group>"; };
		83D35ED618DA9F270040586E /* ZigZagConversion.cpp */ = {isa = PBXFileReference; fileEncoding = 4; lastKnownFileType = sourcecode.cpp.cpp; path = ZigZagConversion.cpp; sourceTree = "<group>"; };
		83D35EE318DA9F460040586E /* ValidParentheses.cpp */ = {isa = PBXFileReference; fileEncoding = 4; lastKnownFileType = sourcecode.cpp.cpp; path = ValidParentheses.cpp; sourceTree = "<group>"; };
		83D35EE518DA9F6E0040586E /* LongestValidParentheses.cpp */ = {isa = PBXFileReference; fileEncoding = 4; lastKnownFileType = sourcecode.cpp.cpp; path = LongestValidParentheses.cpp; sourceTree = "<group>"; };
		83D35EE818DA9F940040586E /* leetcode_stack.h */ = {isa = PBXFileReference; lastKnownFileType = sourcecode.c.h; path = leetcode_stack.h; sourceTree = "<group>"; };
		83DE2D1518EBB1140018C486 /* 3SumClosest.cpp */ = {isa = PBXFileReference; fileEncoding = 4; lastKnownFileType = sourcecode.cpp.cpp; path = 3SumClosest.cpp; sourceTree = "<group>"; };
		83E6C6C718828E7F006D399B /* Algorithms */ = {isa = PBXFileReference; explicitFileType = "compiled.mach-o.executable"; includeInIndex = 0; path = Algorithms; sourceTree = BUILT_PRODUCTS_DIR; };
		83E6C6CC18828E7F006D399B /* LeetCode.1 */ = {isa = PBXFileReference; lastKnownFileType = text.man; path = LeetCode.1; sourceTree = "<group>"; };
		83E6C6D518828ED7006D399B /* functions.h */ = {isa = PBXFileReference; lastKnownFileType = sourcecode.c.h; path = functions.h; sourceTree = "<group>"; };
		83E78F9118ED517A00C21E63 /* SortColors.cpp */ = {isa = PBXFileReference; fileEncoding = 4; lastKnownFileType = sourcecode.cpp.cpp; path = SortColors.cpp; sourceTree = "<group>"; };
		83E78F9418ED598D00C21E63 /* FirstMissingPositive.cpp */ = {isa = PBXFileReference; fileEncoding = 4; lastKnownFileType = sourcecode.cpp.cpp; path = FirstMissingPositive.cpp; sourceTree = "<group>"; };
		83E919E018F1350C00754406 /* EditDistance.cpp */ = {isa = PBXFileReference; fileEncoding = 4; lastKnownFileType = sourcecode.cpp.cpp; path = EditDistance.cpp; sourceTree = "<group>"; };
		83E919E318F13C5900754406 /* LRUCache.cpp */ = {isa = PBXFileReference; fileEncoding = 4; lastKnownFileType = sourcecode.cpp.cpp; path = LRUCache.cpp; sourceTree = "<group>"; };
		83EC957018E40306001F0D99 /* InsertInterval.cpp */ = {isa = PBXFileReference; fileEncoding = 4; lastKnownFileType = sourcecode.cpp.cpp; path = InsertInterval.cpp; sourceTree = "<group>"; };
		83EC957318E4169E001F0D99 /* ClimbingStairs.cpp */ = {isa = PBXFileReference; fileEncoding = 4; lastKnownFileType = sourcecode.cpp.cpp; path = ClimbingStairs.cpp; sourceTree = "<group>"; };
		83EC957618E41BEA001F0D99 /* SetMatrixZeroes.cpp */ = {isa = PBXFileReference; fileEncoding = 4; lastKnownFileType = sourcecode.cpp.cpp; path = SetMatrixZeroes.cpp; sourceTree = "<group>"; };
		83F8C4A618DA7424002FD1E1 /* arrayAndString.c */ = {isa = PBXFileReference; lastKnownFileType = sourcecode.c.c; path = arrayAndString.c; sourceTree = "<group>"; };
		83F8C4A718DA7424002FD1E1 /* arrayAndString.h */ = {isa = PBXFileReference; lastKnownFileType = sourcecode.c.h; path = arrayAndString.h; sourceTree = "<group>"; };
		83F8C4A818DA7424002FD1E1 /* charReplace.c */ = {isa = PBXFileReference; lastKnownFileType = sourcecode.c.c; path = charReplace.c; sourceTree = "<group>"; };
		83F8C4A918DA7424002FD1E1 /* longestNonDecreasingSequence.c */ = {isa = PBXFileReference; lastKnownFileType = sourcecode.c.c; path = longestNonDecreasingSequence.c; sourceTree = "<group>"; };
		83F8C4AA18DA7424002FD1E1 /* main.c */ = {isa = PBXFileReference; lastKnownFileType = sourcecode.c.c; path = main.c; sourceTree = "<group>"; };
		83F8C4AB18DA7424002FD1E1 /* pointerVSArray.c */ = {isa = PBXFileReference; lastKnownFileType = sourcecode.c.c; path = pointerVSArray.c; sourceTree = "<group>"; };
		83F8C4AC18DA7424002FD1E1 /* searchInInterspersedArray.c */ = {isa = PBXFileReference; lastKnownFileType = sourcecode.c.c; path = searchInInterspersedArray.c; sourceTree = "<group>"; };
		83F8C4AD18DA7424002FD1E1 /* searchInMatrix.c */ = {isa = PBXFileReference; lastKnownFileType = sourcecode.c.c; path = searchInMatrix.c; sourceTree = "<group>"; };
		83F8C4AE18DA7424002FD1E1 /* searchInRotatedArray.c */ = {isa = PBXFileReference; lastKnownFileType = sourcecode.c.c; path = searchInRotatedArray.c; sourceTree = "<group>"; };
		83F8C4AF18DA7424002FD1E1 /* stringCompress.c */ = {isa = PBXFileReference; lastKnownFileType = sourcecode.c.c; path = stringCompress.c; sourceTree = "<group>"; };
		83F8C4B018DA7424002FD1E1 /* trackStream.c */ = {isa = PBXFileReference; lastKnownFileType = sourcecode.c.c; path = trackStream.c; sourceTree = "<group>"; };
		83F8C4B218DA744C002FD1E1 /* printLastKLines.cpp */ = {isa = PBXFileReference; fileEncoding = 4; lastKnownFileType = sourcecode.cpp.cpp; path = printLastKLines.cpp; sourceTree = "<group>"; };
		83F8C4B518DA746A002FD1E1 /* cict_c++.h */ = {isa = PBXFileReference; lastKnownFileType = sourcecode.c.h; path = "cict_c++.h"; sourceTree = "<group>"; };
/* End PBXFileReference section */

/* Begin PBXFrameworksBuildPhase section */
		83E6C6C418828E7F006D399B /* Frameworks */ = {
			isa = PBXFrameworksBuildPhase;
			buildActionMask = 2147483647;
			files = (
			);
			runOnlyForDeploymentPostprocessing = 0;
		};
/* End PBXFrameworksBuildPhase section */

/* Begin PBXGroup section */
		833CF2A118DDDF2F00F0183A /* DP */ = {
			isa = PBXGroup;
			children = (
				833CF2A818DDE32D00F0183A /* leetcode_dp.h */,
				833CF2A218DDDF3F00F0183A /* UniquePaths.cpp */,
				833CF2A518DDE30700F0183A /* UniquePathsII.cpp */,
				836C11C818E11809009F74E7 /* MaximumSubarray.cpp */,
				83EC957318E4169E001F0D99 /* ClimbingStairs.cpp */,
				832BBD8518E93AF400C11E2E /* DecodeWays.cpp */,
				8327F21718EA695600F44B0E /* WildcardMatching.cpp */,
				836A684C18EBBDEF005140BD /* JumpGameII.cpp */,
				8381A4C318EBE3F0008851BC /* JumpGame.cpp */,
				83A1B5C618EFB78500DE3F6F /* Candy.cpp */,
				8384520918F0EDEB008D7146 /* LongestPalindromicSubstring.cpp */,
				838F9EDA18F0FE5000B7685A /* PalindromePartitioning.cpp */,
				83BC099E18F1258B00A1B49B /* PalindromePartitioningII.cpp */,
				83E919E018F1350C00754406 /* EditDistance.cpp */,
				83C324D618F25AB3007ED67C /* DistinctSubsequences.cpp */,
			);
			path = DP;
			sourceTree = "<group>";
		};
		835382FD18D155BC00EC4216 /* List */ = {
			isa = PBXGroup;
			children = (
				836E020D18D93EAF005D780E /* leetcode_list.h */,
				83A23E2D18DC2C310089A169 /* RemoveNthNodeFromEndofList.cpp */,
				83A23E3018DC36BD0089A169 /* ReverseLinkedListII.cpp */,
				836E021418D940DF005D780E /* SwapNodesinPairs.cpp */,
				836E021018D9407E005D780E /* MergeTwoSortedLists.cpp */,
				836E021818D9435E005D780E /* MergekSortedLists.cpp */,
				83A23E2418DC11CA0089A169 /* LinkedListCycle.cpp */,
				83A23E2718DC12550089A169 /* LinkedListCycleII.cpp */,
				836E021118D9407E005D780E /* PartitionList.cpp */,
				833CF29E18DDDCC300F0183A /* RemoveDuplicatesfromSortedList.cpp */,
				83A23E2A18DC2AC20089A169 /* RemoveDuplicatesfromSortedListII.cpp */,
				836E020E18D94005005D780E /* addTwoNumbers.cpp */,
				83B0CD4E18D4A5F900B69862 /* CopyListwithRandomPointer.cpp */,
				83B0CD5018D4A5F900B69862 /* CopyListwithRandomPointer2.cpp */,
				836D865318EFA91000044C79 /* ReorderList.cpp */,
				83B7C39E18F16A32009DC3A0 /* RotateList.cpp */,
				83C324D318F23F0B007ED67C /* ReverseNodesink-Group.cpp */,
			);
			name = List;
			sourceTree = "<group>";
		};
		8364F66318E3C59D008F7C13 /* Offer */ = {
			isa = PBXGroup;
			children = (
				83595CB418E3CCB9004B34AA /* conquerOffer.h */,
				8364F66418E3C5AF008F7C13 /* question12.cpp */,
			);
			path = Offer;
			sourceTree = "<group>";
		};
		836C11C118E11182009F74E7 /* Others */ = {
			isa = PBXGroup;
			children = (
				836C120018E16C83009F74E7 /* Triangle.cpp */,
				836C11C618E116CB009F74E7 /* SingleNumber.cpp */,
				836C11F618E154E1009F74E7 /* SingleNumberIII.cpp */,
				836C11F518E154E1009F74E7 /* MinimumPathSum.cpp */,
				836C11FB18E15596009F74E7 /* ContainerWithMostWater.cpp */,
				836C11FD18E1663E009F74E7 /* RemoveElement.cpp */,
				836C120218E16D03009F74E7 /* ReverseInteger.cpp */,
				83EC957618E41BEA001F0D99 /* SetMatrixZeroes.cpp */,
				83C35B5918E41F19003A1E73 /* MergeSortedArray.cpp */,
				832BBD8818E948BE00C11E2E /* AddBinary.cpp */,
				833A041618E954EE00DAEE00 /* Anagrams.cpp */,
				83C4213E18E9B2310055E26B /* RomantoInteger.cpp */,
				83C4214118E9B6FC0055E26B /* IntegertoRoman.cpp */,
				83C8EFAD18EA50E0001C2E36 /* RemoveDuplicatesfromSortedArray.cpp */,
				83C7AB4418EA534D00A51E3F /* RemoveDuplicatesfromSortedArrayII.cpp */,
				83666BDD18EA5AAF0084B841 /* MultiplyStrings.cpp */,
				832675B818EBAA5100143F77 /* ValidSudoku.cpp */,
				8381A4CC18EC055A008851BC /* PascalsTriangle.cpp */,
				8381A4CF18EC0BF7008851BC /* PascalsTriangleII.cpp */,
				831DF56D18ECFFD60055DF57 /* CountandSay.cpp */,
				83962C4F18ED06F7008BFCF3 /* PalindromeNumber.cpp */,
				834E005518ED9D500076F371 /* PlusOne.cpp */,
				834E005818EDA2AC0076F371 /* RotateImage.cpp */,
				836EAB0F18EE37100019C474 /* SimplifyPath.cpp */,
				8357F17918EE444900A43513 /* ValidNumber.cpp */,
				8376836018F02FA3000A401B /* SpiralMatrix.cpp */,
				834F6CBC18F0E67F0004BF8D /* SpiralMatrixII.cpp */,
				83E919E318F13C5900754406 /* LRUCache.cpp */,
				833BAF8F18F3C5EF0061F988 /* DivideTwoIntegers.cpp */,
			);
			path = Others;
			sourceTree = "<group>";
		};
		836C11E318E122C7009F74E7 /* DivideConquer */ = {
			isa = PBXGroup;
			children = (
				836C120518E16DD8009F74E7 /* BestTimetoButandSellStock */,
				836C11E418E122C7009F74E7 /* LargestRectangle */,
				837DCDAD18E3017400532881 /* PowXN.cpp */,
				8376836318F04731000A401B /* TrappingRainWater.cpp */,
			);
			path = DivideConquer;
			sourceTree = "<group>";
		};
		836C11E418E122C7009F74E7 /* LargestRectangle */ = {
			isa = PBXGroup;
			children = (
				836C11E518E122C7009F74E7 /* LargestRectangularAreainaHistogram.cpp */,
				836C11E618E122C7009F74E7 /* LargestRectangularAreainaHistogramV2.cpp */,
				836C11E718E122C7009F74E7 /* LargestRectangularAreainaHistogramV3.cpp */,
				836C11E818E122C7009F74E7 /* MaximalRectangle.cpp */,
			);
			path = LargestRectangle;
			sourceTree = "<group>";
		};
		836C11F018E1522C009F74E7 /* kSum */ = {
			isa = PBXGroup;
			children = (
				836C11F118E1522C009F74E7 /* 2Sum.cpp */,
				836C11F218E1522C009F74E7 /* 3Sum.cpp */,
				83DE2D1518EBB1140018C486 /* 3SumClosest.cpp */,
				8323DDC018EC4D29004BF125 /* 4Sum.cpp */,
			);
			path = kSum;
			sourceTree = "<group>";
		};
		836C120518E16DD8009F74E7 /* BestTimetoButandSellStock */ = {
			isa = PBXGroup;
			children = (
				836C120618E16DD8009F74E7 /* BestTimetoBuyandSellStock.cpp */,
				836C120818E16DD8009F74E7 /* BestTimetoBuyandSellStockII.cpp */,
				836C120A18E16DD8009F74E7 /* BestTimetoBuyandSellStockIII.cpp */,
				836C120C18E16DD8009F74E7 /* BestTimetoBuyandSellStockIIIV2.cpp */,
				83710F6D18EAA66F00C38F13 /* GasStation.cpp */,
			);
			path = BestTimetoButandSellStock;
			sourceTree = "<group>";
		};
		836C121218E1774D009F74E7 /* Search */ = {
			isa = PBXGroup;
			children = (
				836C121318E1774D009F74E7 /* findMedianSortedArrays.cpp */,
				836C121418E1774D009F74E7 /* SearchforaRange.cpp */,
				836C121518E1774D009F74E7 /* SearchinRotatedSortedArray.cpp */,
				836C121F18E17C7E009F74E7 /* SearchinRotatedSortedArrayII.cpp */,
				836C121718E1774D009F74E7 /* SearchInsertPosition.cpp */,
				836C121818E1774D009F74E7 /* SqrtX.cpp */,
				836EAB0C18EE33AC0019C474 /* Searcha2DMatrix.cpp */,
				830B7B1A18EFE60400AF872F /* LongestConsecutiveSequence.cpp */,
			);
			path = Search;
			sourceTree = "<group>";
		};
		837C08CF18E3F7DC004C85B3 /* Sort */ = {
			isa = PBXGroup;
			children = (
				837C08D318E3F800004C85B3 /* leetcode_sort.h */,
				837C08D118E3F7ED004C85B3 /* MergeIntervals.cpp */,
				83EC957018E40306001F0D99 /* InsertInterval.cpp */,
				83E78F9118ED517A00C21E63 /* SortColors.cpp */,
				83E78F9418ED598D00C21E63 /* FirstMissingPositive.cpp */,
				833D95B918EFF68800D67219 /* SortList.cpp */,
				83C2662918F4E07D0018A251 /* InsertionSortList.cpp */,
			);
			path = Sort;
			sourceTree = "<group>";
		};
		83C4403D18CC52A10003B741 /* DFSBFS */ = {
			isa = PBXGroup;
			children = (
				83B0CD8618D4A62800B69862 /* PathSum.cpp */,
				83B0CD8818D4A62800B69862 /* PathSumII.cpp */,
				8305C6AB18E45938005E8B99 /* WordLadder.cpp */,
				8348FE1018ED309A008ECA69 /* ScrambleString.cpp */,
				832CA91518EE4C470073B408 /* CloneGraph.cpp */,
			);
			name = DFSBFS;
			sourceTree = "<group>";
		};
		83C4B96B18E01F2A0028AC56 /* Sort */ = {
			isa = PBXGroup;
			children = (
				83C4B96C18E01F6D0028AC56 /* QuickSort.cpp */,
				83C4B96F18E022950028AC56 /* other_sort.h */,
			);
			path = Sort;
			sourceTree = "<group>";
		};
		83D266CA18D82A7F00621577 /* CiCT */ = {
			isa = PBXGroup;
			children = (
				83F8C4B118DA7436002FD1E1 /* C++ */,
				83F8C4A518DA7424002FD1E1 /* String */,
			);
			path = CiCT;
			sourceTree = "<group>";
		};
		83D266D718D82A8300621577 /* Others */ = {
			isa = PBXGroup;
			children = (
				83C4B96B18E01F2A0028AC56 /* Sort */,
				83D266D818D82A8300621577 /* DP */,
				83D266DD18D82A8300621577 /* Trees */,
				838ABDE318DAD02600F03599 /* BigNumber.cpp */,
				838ABDE418DAD02600F03599 /* BigNumber.h */,
				837E130618E27DE40037AA5B /* ASingleton.h */,
				837E130518E27DE40037AA5B /* ASingleton.cpp */,
			);
			path = Others;
			sourceTree = SOURCE_ROOT;
		};
		83D266D818D82A8300621577 /* DP */ = {
			isa = PBXGroup;
			children = (
				83D266D918D82A8300621577 /* longestCommonSubSequence.cpp */,
				83D266DA18D82A8300621577 /* longestCommonSubSequence.h */,
				83D266DB18D82A8300621577 /* longestCommonSubstring.cpp */,
				83D266DC18D82A8300621577 /* longestCommonSubstring.h */,
			);
			path = DP;
			sourceTree = "<group>";
		};
		83D266DD18D82A8300621577 /* Trees */ = {
			isa = PBXGroup;
			children = (
				83D266DE18D82A8300621577 /* convert_to_link.c */,
				83D266DF18D82A8300621577 /* is_binarysearch_tree.c */,
				83D266E018D82A8300621577 /* is_sub_tree.c */,
				83D266E118D82A8300621577 /* tree_is_balance.c */,
				83D266E218D82A8300621577 /* tree_search.c */,
			);
			path = Trees;
			sourceTree = "<group>";
		};
		83D35ECA18DA9F270040586E /* Strings */ = {
			isa = PBXGroup;
			children = (
				83D35ECC18DA9F270040586E /* leetcode_string.h */,
				83D35ECB18DA9F270040586E /* atoi.cpp */,
				83D35ECD18DA9F270040586E /* LongestCommonPrefix.cpp */,
				83D35ECE18DA9F270040586E /* LongestSubstringWithoutRepeatingCharacters.cpp */,
				83D35ECF18DA9F270040586E /* MinimumWindowSubstring.cpp */,
				83D35ED018DA9F270040586E /* RegularExpressionMatching.cpp */,
				83D35ED118DA9F270040586E /* SubstringwithConcatenationofAllWords.cpp */,
				83D35ED318DA9F270040586E /* WordBreak.cpp */,
				83D35ED418DA9F270040586E /* WordBreakII.cpp */,
				83D35ED518DA9F270040586E /* WordSearch.cpp */,
				83D35ED618DA9F270040586E /* ZigZagConversion.cpp */,
				8305C6A818E444D1005E8B99 /* ValidPalindrome.cpp */,
				8381D1FF18EAF3DE00ADA26A /* LengthofLastWord.cpp */,
				838F3A0018F2F2F4006F7121 /* ReverseWordsinaString.cpp */,
				83BEB9F518F2F7E6007DD357 /* InterleavingString.cpp */,
			);
			path = Strings;
			sourceTree = "<group>";
		};
		83D35EE218DA9F2E0040586E /* Stack */ = {
			isa = PBXGroup;
			children = (
				83D35EE818DA9F940040586E /* leetcode_stack.h */,
				83D35EE318DA9F460040586E /* ValidParentheses.cpp */,
				83D35EE518DA9F6E0040586E /* LongestValidParentheses.cpp */,
				8334996D18F25E110018D78D /* EvaluateReversePolishNotation.cpp */,
			);
			path = Stack;
			sourceTree = "<group>";
		};
		83D6739818CD383D007532E8 /* Permutation */ = {
			isa = PBXGroup;
			children = (
				83A4B5AE18DA863D0089B7FE /* leetcode_permutation.h */,
				83B0CDAB18D4A67600B69862 /* Permutations.cpp */,
				83A4B5AB18DA86180089B7FE /* PermutationsII.cpp */,
				83B0CDA518D4A67600B69862 /* Combinations.cpp */,
				83B0CDA718D4A67600B69862 /* CombinationSum.cpp */,
				83B0CDA918D4A67600B69862 /* NextPermutation.cpp */,
				83B0CDAD18D4A67600B69862 /* PermutationSequence.cpp */,
				83B0CDAF18D4A67600B69862 /* PermutationsUnique.cpp */,
				83B0CDB118D4A67600B69862 /* Subsets.cpp */,
				83B0CDB318D4A67600B69862 /* SubsetsII.cpp */,
				83C4213B18E99EB70055E26B /* GenerateParentheses.cpp */,
				837C162D18EA49EC00B1F5B9 /* LetterCombinationsofaPhoneNumber.cpp */,
				839B1CFF18EAB28A003D5C47 /* N-Queens.cpp */,
				8381D1FC18EAF0D300ADA26A /* N-QueensII.cpp */,
				83906DCE18EB989000C8CDF9 /* SudokuSolver.cpp */,
				831DF56A18ECF0FA0055DF57 /* GrayCode.cpp */,
				837FE15618ED452800145C16 /* RestoreIPAddresses.cpp */,
			);
			name = Permutation;
			sourceTree = "<group>";
		};
		83D6739918CD3904007532E8 /* Tree */ = {
			isa = PBXGroup;
			children = (
				83D266B518D8249700621577 /* leetcode_tree.h */,
				832762C318D977F3003A6B43 /* BinaryTreeMaximumPathSum.cpp */,
				83B0CD5A18D4A61200B69862 /* BalancedBinaryTree.cpp */,
				83B0CD5C18D4A61200B69862 /* BinaryTreeLevelOrderTraversal.cpp */,
				836E020A18D93A2B005D780E /* BinaryTreeLevelOrderTraversalII.cpp */,
				83B0CD5E18D4A61200B69862 /* BinaryTreePostorderTraversal.cpp */,
				83B0CD6218D4A61200B69862 /* BinaryTreePreorderTraversal.cpp */,
				83B0CD6418D4A61200B69862 /* BinaryTreeZigzagLevelOrderTraversal.cpp */,
				83B0CD6618D4A61200B69862 /* ConstructBinaryTreefromInorderandPostorderTraversal.cpp */,
				83B0CD6818D4A61200B69862 /* ConstructBinaryTreefromInorderandPreorderTraversal.cpp */,
				83B0CD6A18D4A61200B69862 /* ConvertSortedListtoBinarySearchTree.cpp */,
				83D266B218D8246600621577 /* ConvertSortedArraytoBinarySearchTree.cpp */,
				83B0CD6C18D4A61200B69862 /* FlattenBinaryTreetoLinkedList.cpp */,
				83B0CD6E18D4A61200B69862 /* RecoverBinarySearchTree.cpp */,
				83B0CD7218D4A61200B69862 /* SymmetricTree.cpp */,
				83B0CD7418D4A61200B69862 /* UniqueBinarySearchTreesII.cpp */,
				83CF229218D82C920085AF17 /* UniqueBinarySearchTrees.cpp */,
				836F5F6818D9307F0015BB81 /* MaximumDepthofBinaryTree.cpp */,
				836E01FF18D93333005D780E /* MinimumDepthofBinaryTree.cpp */,
				836E020118D934FD005D780E /* BinaryTreeInorderTraversal.cpp */,
				836E020418D935D2005D780E /* SameTree.cpp */,
				836E020718D93742005D780E /* ValidateBinarySearchTree.cpp */,
				832BBD8218E9189900C11E2E /* SumRoottoLeafNumbers.cpp */,
				8381A4C618EBEB9E008851BC /* PopulatingNextRightPointersinEachNode.cpp */,
				8381A4C918EBF3B9008851BC /* PopulatingNextRightPointersinEachNodeII.cpp */,
			);
			name = Tree;
			sourceTree = "<group>";
		};
		83E6C6BE18828E7F006D399B = {
			isa = PBXGroup;
			children = (
				8364F66318E3C59D008F7C13 /* Offer */,
				83B0CDC018D4A6B700B69862 /* main.cpp */,
				83E6C6C918828E7F006D399B /* LeetCode */,
				83D266CA18D82A7F00621577 /* CiCT */,
				83D266D718D82A8300621577 /* Others */,
				83E6C6C818828E7F006D399B /* Products */,
			);
			sourceTree = "<group>";
		};
		83E6C6C818828E7F006D399B /* Products */ = {
			isa = PBXGroup;
			children = (
				83E6C6C718828E7F006D399B /* Algorithms */,
			);
			name = Products;
			sourceTree = "<group>";
		};
		83E6C6C918828E7F006D399B /* LeetCode */ = {
			isa = PBXGroup;
			children = (
				836C11C518E11196009F74E7 /* leetcode_others.h */,
				837C08CF18E3F7DC004C85B3 /* Sort */,
				836C11F018E1522C009F74E7 /* kSum */,
				836C11E318E122C7009F74E7 /* DivideConquer */,
				833CF2A118DDDF2F00F0183A /* DP */,
				835382FD18D155BC00EC4216 /* List */,
				83D6739918CD3904007532E8 /* Tree */,
				83C4403D18CC52A10003B741 /* DFSBFS */,
				836C121218E1774D009F74E7 /* Search */,
				83D35ECA18DA9F270040586E /* Strings */,
				83D35EE218DA9F2E0040586E /* Stack */,
				83D6739818CD383D007532E8 /* Permutation */,
				836C11C118E11182009F74E7 /* Others */,
				8367439D189016670051E377 /* numTrees.cpp */,
				838737FE188EACF7001732CE /* Header.h */,
				83E6C6D518828ED7006D399B /* functions.h */,
				832E1C3C1882C8C4001BA17B /* searchRotatedArray.c */,
				83E6C6CC18828E7F006D399B /* LeetCode.1 */,
			);
			path = LeetCode;
			sourceTree = "<group>";
		};
		83F8C4A518DA7424002FD1E1 /* String */ = {
			isa = PBXGroup;
			children = (
				83F8C4A618DA7424002FD1E1 /* arrayAndString.c */,
				83F8C4A718DA7424002FD1E1 /* arrayAndString.h */,
				83F8C4A818DA7424002FD1E1 /* charReplace.c */,
				83F8C4A918DA7424002FD1E1 /* longestNonDecreasingSequence.c */,
				83F8C4AA18DA7424002FD1E1 /* main.c */,
				83F8C4AB18DA7424002FD1E1 /* pointerVSArray.c */,
				83F8C4AC18DA7424002FD1E1 /* searchInInterspersedArray.c */,
				83F8C4AD18DA7424002FD1E1 /* searchInMatrix.c */,
				83F8C4AE18DA7424002FD1E1 /* searchInRotatedArray.c */,
				83F8C4AF18DA7424002FD1E1 /* stringCompress.c */,
				83F8C4B018DA7424002FD1E1 /* trackStream.c */,
			);
			path = String;
			sourceTree = "<group>";
		};
		83F8C4B118DA7436002FD1E1 /* C++ */ = {
			isa = PBXGroup;
			children = (
				83F8C4B518DA746A002FD1E1 /* cict_c++.h */,
				83F8C4B218DA744C002FD1E1 /* printLastKLines.cpp */,
				83A4B5A718DA7F260089B7FE /* hashtableAndSTLmap.md */,
				83A4B5A818DA81100089B7FE /* align_malloc.cpp */,
			);
			path = "C++";
			sourceTree = "<group>";
		};
/* End PBXGroup section */

/* Begin PBXNativeTarget section */
		83E6C6C618828E7F006D399B /* Algorithms */ = {
			isa = PBXNativeTarget;
			buildConfigurationList = 83E6C6D018828E7F006D399B /* Build configuration list for PBXNativeTarget "Algorithms" */;
			buildPhases = (
				83E6C6C318828E7F006D399B /* Sources */,
				83E6C6C418828E7F006D399B /* Frameworks */,
				83E6C6C518828E7F006D399B /* CopyFiles */,
			);
			buildRules = (
			);
			dependencies = (
			);
			name = Algorithms;
			productName = LeetCode;
			productReference = 83E6C6C718828E7F006D399B /* Algorithms */;
			productType = "com.apple.product-type.tool";
		};
/* End PBXNativeTarget section */

/* Begin PBXProject section */
		83E6C6BF18828E7F006D399B /* Project object */ = {
			isa = PBXProject;
			attributes = {
				LastUpgradeCheck = 0500;
				ORGANIZATIONNAME = WangJZ;
			};
			buildConfigurationList = 83E6C6C218828E7F006D399B /* Build configuration list for PBXProject "Algorithms" */;
			compatibilityVersion = "Xcode 3.2";
			developmentRegion = English;
			hasScannedForEncodings = 0;
			knownRegions = (
				en,
			);
			mainGroup = 83E6C6BE18828E7F006D399B;
			productRefGroup = 83E6C6C818828E7F006D399B /* Products */;
			projectDirPath = "";
			projectRoot = "";
			targets = (
				83E6C6C618828E7F006D399B /* Algorithms */,
			);
		};
/* End PBXProject section */

/* Begin PBXSourcesBuildPhase section */
		83E6C6C318828E7F006D399B /* Sources */ = {
			isa = PBXSourcesBuildPhase;
			buildActionMask = 2147483647;
			files = (
				83B0CD8B18D4A62800B69862 /* PathSum.cpp in Sources */,
				838ABDE518DAD02600F03599 /* BigNumber.cpp in Sources */,
				83E919E518F13C5900754406 /* LRUCache.cpp in Sources */,
				8305C6AA18E444D1005E8B99 /* ValidPalindrome.cpp in Sources */,
				836C11EA18E122C7009F74E7 /* LargestRectangularAreainaHistogramV2.cpp in Sources */,
				83B0CD7F18D4A61200B69862 /* FlattenBinaryTreetoLinkedList.cpp in Sources */,
				83A23E3218DC36BD0089A169 /* ReverseLinkedListII.cpp in Sources */,
				83906DD018EB989000C8CDF9 /* SudokuSolver.cpp in Sources */,
				836C121B18E1774D009F74E7 /* SearchforaRange.cpp in Sources */,
				83D35EDB18DA9F270040586E /* RegularExpressionMatching.cpp in Sources */,
				8348FE1218ED309A008ECA69 /* ScrambleString.cpp in Sources */,
				83D35EDF18DA9F270040586E /* WordBreakII.cpp in Sources */,
				836C11E918E122C7009F74E7 /* LargestRectangularAreainaHistogram.cpp in Sources */,
				836E021218D9407E005D780E /* MergeTwoSortedLists.cpp in Sources */,
				836C11F718E154E1009F74E7 /* MinimumPathSum.cpp in Sources */,
				836C11FF18E1663E009F74E7 /* RemoveElement.cpp in Sources */,
				836C120E18E16DD8009F74E7 /* BestTimetoBuyandSellStock.cpp in Sources */,
				83A23E2918DC12550089A169 /* LinkedListCycleII.cpp in Sources */,
				83B0CD7718D4A61200B69862 /* BinaryTreeLevelOrderTraversal.cpp in Sources */,
				8381A4CB18EBF3B9008851BC /* PopulatingNextRightPointersinEachNodeII.cpp in Sources */,
				83E78F9618ED598D00C21E63 /* FirstMissingPositive.cpp in Sources */,
				83C7AB4618EA534D00A51E3F /* RemoveDuplicatesfromSortedArrayII.cpp in Sources */,
				83A4B5AA18DA81100089B7FE /* align_malloc.cpp in Sources */,
				836C11F818E154E1009F74E7 /* SingleNumberIII.cpp in Sources */,
				8376836218F02FA3000A401B /* SpiralMatrix.cpp in Sources */,
				836E020018D93333005D780E /* MinimumDepthofBinaryTree.cpp in Sources */,
				836C122118E17C7E009F74E7 /* SearchinRotatedSortedArrayII.cpp in Sources */,
				83B0CD7A18D4A61200B69862 /* BinaryTreePreorderTraversal.cpp in Sources */,
				83C2662A18F4E07D0018A251 /* InsertionSortList.cpp in Sources */,
				836E020918D93742005D780E /* ValidateBinarySearchTree.cpp in Sources */,
				836C11F418E1522C009F74E7 /* 3Sum.cpp in Sources */,
				83C4214318E9B6FC0055E26B /* IntegertoRoman.cpp in Sources */,
				83B0CDB818D4A67600B69862 /* Permutations.cpp in Sources */,
				836EAB0E18EE33AC0019C474 /* Searcha2DMatrix.cpp in Sources */,
				833D95BB18EFF68800D67219 /* SortList.cpp in Sources */,
				834E005718ED9D500076F371 /* PlusOne.cpp in Sources */,
				83A1B5C818EFB78500DE3F6F /* Candy.cpp in Sources */,
				833CF2A018DDDCC300F0183A /* RemoveDuplicatesfromSortedList.cpp in Sources */,
				834E005A18EDA2AC0076F371 /* RotateImage.cpp in Sources */,
				833BAF9118F3C5EF0061F988 /* DivideTwoIntegers.cpp in Sources */,
				83D35ED918DA9F270040586E /* LongestSubstringWithoutRepeatingCharacters.cpp in Sources */,
				83A23E2C18DC2AC20089A169 /* RemoveDuplicatesfromSortedListII.cpp in Sources */,
				833CF2A418DDDF3F00F0183A /* UniquePaths.cpp in Sources */,
				836C120118E16C83009F74E7 /* Triangle.cpp in Sources */,
				833CF2A718DDE30700F0183A /* UniquePathsII.cpp in Sources */,
				837E130718E27DE40037AA5B /* ASingleton.cpp in Sources */,
				83BEB9F718F2F7E6007DD357 /* InterleavingString.cpp in Sources */,
				832BBD8718E93AF400C11E2E /* DecodeWays.cpp in Sources */,
				8323DDC218EC4D29004BF125 /* 4Sum.cpp in Sources */,
				83EC957518E4169E001F0D99 /* ClimbingStairs.cpp in Sources */,
				83D35EE118DA9F270040586E /* ZigZagConversion.cpp in Sources */,
				83B0CDBC18D4A67600B69862 /* SubsetsII.cpp in Sources */,
				83B0CD7D18D4A61200B69862 /* ConstructBinaryTreefromInorderandPreorderTraversal.cpp in Sources */,
				836A684E18EBBDEF005140BD /* JumpGameII.cpp in Sources */,
				83B0CDB518D4A67600B69862 /* Combinations.cpp in Sources */,
				837DCDAF18E3017400532881 /* PowXN.cpp in Sources */,
				836C11FC18E15596009F74E7 /* ContainerWithMostWater.cpp in Sources */,
				836C121D18E1774D009F74E7 /* SearchInsertPosition.cpp in Sources */,
				83C324D818F25AB3007ED67C /* DistinctSubsequences.cpp in Sources */,
				83E919E218F1350C00754406 /* EditDistance.cpp in Sources */,
				8327F21918EA695600F44B0E /* WildcardMatching.cpp in Sources */,
				836E021518D940DF005D780E /* SwapNodesinPairs.cpp in Sources */,
				838F3A0218F2F2F4006F7121 /* ReverseWordsinaString.cpp in Sources */,
				83D35EDA18DA9F270040586E /* MinimumWindowSubstring.cpp in Sources */,
				83C324D518F23F0B007ED67C /* ReverseNodesink-Group.cpp in Sources */,
				832CA91718EE4C470073B408 /* CloneGraph.cpp in Sources */,
				838F9EDC18F0FE5000B7685A /* PalindromePartitioning.cpp in Sources */,
				8381A4C518EBE3F0008851BC /* JumpGame.cpp in Sources */,
				83D266B318D8246600621577 /* ConvertSortedArraytoBinarySearchTree.cpp in Sources */,
				837FE15818ED452800145C16 /* RestoreIPAddresses.cpp in Sources */,
				83B0CDB718D4A67600B69862 /* NextPermutation.cpp in Sources */,
				83B0CDC118D4A6B700B69862 /* main.cpp in Sources */,
				836C11EB18E122C7009F74E7 /* LargestRectangularAreainaHistogramV3.cpp in Sources */,
				83D35EE018DA9F270040586E /* WordSearch.cpp in Sources */,
				833A041818E954EE00DAEE00 /* Anagrams.cpp in Sources */,
				83C4213D18E99EB70055E26B /* GenerateParentheses.cpp in Sources */,
				836E020F18D94005005D780E /* addTwoNumbers.cpp in Sources */,
				836C11EC18E122C7009F74E7 /* MaximalRectangle.cpp in Sources */,
				83E78F9318ED517A00C21E63 /* SortColors.cpp in Sources */,
				83EC957218E40306001F0D99 /* InsertInterval.cpp in Sources */,
				836C121118E16DD8009F74E7 /* BestTimetoBuyandSellStockIIIV2.cpp in Sources */,
				83B0CD7618D4A61200B69862 /* BalancedBinaryTree.cpp in Sources */,
				83B0CD8318D4A61200B69862 /* UniqueBinarySearchTreesII.cpp in Sources */,
				83B0CDB918D4A67600B69862 /* PermutationSequence.cpp in Sources */,
				83B0CD8018D4A61200B69862 /* RecoverBinarySearchTree.cpp in Sources */,
				836C121A18E1774D009F74E7 /* findMedianSortedArrays.cpp in Sources */,
				8381A4C818EBEB9E008851BC /* PopulatingNextRightPointersinEachNode.cpp in Sources */,
				83DE2D1718EBB1140018C486 /* 3SumClosest.cpp in Sources */,
				832762C418D977F3003A6B43 /* BinaryTreeMaximumPathSum.cpp in Sources */,
				83D35EDC18DA9F270040586E /* SubstringwithConcatenationofAllWords.cpp in Sources */,
				836E020C18D93A2B005D780E /* BinaryTreeLevelOrderTraversalII.cpp in Sources */,
				836D865518EFA91000044C79 /* ReorderList.cpp in Sources */,
				832BBD8A18E948BE00C11E2E /* AddBinary.cpp in Sources */,
				83B0CD7818D4A61200B69862 /* BinaryTreePostorderTraversal.cpp in Sources */,
				83B7C3A018F16A32009DC3A0 /* RotateList.cpp in Sources */,
				83B0CD7B18D4A61200B69862 /* BinaryTreeZigzagLevelOrderTraversal.cpp in Sources */,
				83962C5118ED06F7008BFCF3 /* PalindromeNumber.cpp in Sources */,
				83D35ED818DA9F270040586E /* LongestCommonPrefix.cpp in Sources */,
				83D35EDE18DA9F270040586E /* WordBreak.cpp in Sources */,
				83B0CDBB18D4A67600B69862 /* Subsets.cpp in Sources */,
				83D35EE418DA9F460040586E /* ValidParentheses.cpp in Sources */,
				83D35ED718DA9F270040586E /* atoi.cpp in Sources */,
				83710F6F18EAA66F00C38F13 /* GasStation.cpp in Sources */,
				83D35EE718DA9F6E0040586E /* LongestValidParentheses.cpp in Sources */,
				836EAB1118EE37100019C474 /* SimplifyPath.cpp in Sources */,
				83B0CD8218D4A61200B69862 /* SymmetricTree.cpp in Sources */,
				830B7B1C18EFE60400AF872F /* LongestConsecutiveSequence.cpp in Sources */,
				8305C6AD18E45938005E8B99 /* WordLadder.cpp in Sources */,
				83CF229418D82C920085AF17 /* UniqueBinarySearchTrees.cpp in Sources */,
				831DF56C18ECF0FA0055DF57 /* GrayCode.cpp in Sources */,
				836C120F18E16DD8009F74E7 /* BestTimetoBuyandSellStockII.cpp in Sources */,
				83C8EFAF18EA50E0001C2E36 /* RemoveDuplicatesfromSortedArray.cpp in Sources */,
				83B0CD7C18D4A61200B69862 /* ConstructBinaryTreefromInorderandPostorderTraversal.cpp in Sources */,
				836E020618D935D2005D780E /* SameTree.cpp in Sources */,
				83A23E2618DC11CA0089A169 /* LinkedListCycle.cpp in Sources */,
				83B0CD8C18D4A62800B69862 /* PathSumII.cpp in Sources */,
				8381A4CE18EC055A008851BC /* PascalsTriangle.cpp in Sources */,
				8381D1FE18EAF0D300ADA26A /* N-QueensII.cpp in Sources */,
				832E1C3D1882C8C4001BA17B /* searchRotatedArray.c in Sources */,
				836F5F6A18D9307F0015BB81 /* MaximumDepthofBinaryTree.cpp in Sources */,
				836C11C718E116CB009F74E7 /* SingleNumber.cpp in Sources */,
				836E020318D934FD005D780E /* BinaryTreeInorderTraversal.cpp in Sources */,
				83B0CDB618D4A67600B69862 /* CombinationSum.cpp in Sources */,
				836E021918D9435E005D780E /* MergekSortedLists.cpp in Sources */,
				83B0CD5618D4A5F900B69862 /* CopyListwithRandomPointer.cpp in Sources */,
				836C121C18E1774D009F74E7 /* SearchinRotatedSortedArray.cpp in Sources */,
				832BBD8418E9189900C11E2E /* SumRoottoLeafNumbers.cpp in Sources */,
				836E021318D9407E005D780E /* PartitionList.cpp in Sources */,
				83EC957818E41BEA001F0D99 /* SetMatrixZeroes.cpp in Sources */,
				834F6CBE18F0E67F0004BF8D /* SpiralMatrixII.cpp in Sources */,
				83B0CD7E18D4A61200B69862 /* ConvertSortedListtoBinarySearchTree.cpp in Sources */,
				831DF56F18ECFFD60055DF57 /* CountandSay.cpp in Sources */,
				8364F66618E3C5AF008F7C13 /* question12.cpp in Sources */,
				837C162F18EA49EC00B1F5B9 /* LetterCombinationsofaPhoneNumber.cpp in Sources */,
				8357F17B18EE444900A43513 /* ValidNumber.cpp in Sources */,
				8381A4D118EC0BF7008851BC /* PascalsTriangleII.cpp in Sources */,
				83A23E2F18DC2C310089A169 /* RemoveNthNodeFromEndofList.cpp in Sources */,
				83C4B96E18E01F6D0028AC56 /* QuickSort.cpp in Sources */,
				83BC09A018F1258B00A1B49B /* PalindromePartitioningII.cpp in Sources */,
				8334996F18F25E110018D78D /* EvaluateReversePolishNotation.cpp in Sources */,
				839B1D0118EAB28A003D5C47 /* N-Queens.cpp in Sources */,
				8367439E189016670051E377 /* numTrees.cpp in Sources */,
				83C35B5B18E41F19003A1E73 /* MergeSortedArray.cpp in Sources */,
				83B0CD5718D4A5F900B69862 /* CopyListwithRandomPointer2.cpp in Sources */,
				837C08D218E3F7ED004C85B3 /* MergeIntervals.cpp in Sources */,
				83C4214018E9B2310055E26B /* RomantoInteger.cpp in Sources */,
				836C11F318E1522C009F74E7 /* 2Sum.cpp in Sources */,
				8384520B18F0EDEB008D7146 /* LongestPalindromicSubstring.cpp in Sources */,
				836C121E18E1774D009F74E7 /* SqrtX.cpp in Sources */,
				83F8C4B418DA744C002FD1E1 /* printLastKLines.cpp in Sources */,
				83666BDF18EA5AAF0084B841 /* MultiplyStrings.cpp in Sources */,
				83A4B5AD18DA86180089B7FE /* PermutationsII.cpp in Sources */,
				83B0CDBA18D4A67600B69862 /* PermutationsUnique.cpp in Sources */,
				8381D20118EAF3DE00ADA26A /* LengthofLastWord.cpp in Sources */,
				836C11CA18E11809009F74E7 /* MaximumSubarray.cpp in Sources */,
				8376836518F04731000A401B /* TrappingRainWater.cpp in Sources */,
				836C121018E16DD8009F74E7 /* BestTimetoBuyandSellStockIII.cpp in Sources */,
				836C120418E16D03009F74E7 /* ReverseInteger.cpp in Sources */,
				832675BA18EBAA5100143F77 /* ValidSudoku.cpp in Sources */,
			);
			runOnlyForDeploymentPostprocessing = 0;
		};
/* End PBXSourcesBuildPhase section */

/* Begin XCBuildConfiguration section */
		83E6C6CE18828E7F006D399B /* Debug */ = {
			isa = XCBuildConfiguration;
			buildSettings = {
				ALWAYS_SEARCH_USER_PATHS = NO;
				CLANG_CXX_LANGUAGE_STANDARD = "gnu++0x";
				CLANG_CXX_LIBRARY = "libc++";
				CLANG_ENABLE_OBJC_ARC = YES;
				CLANG_WARN_BOOL_CONVERSION = YES;
				CLANG_WARN_CONSTANT_CONVERSION = YES;
				CLANG_WARN_DIRECT_OBJC_ISA_USAGE = YES_ERROR;
				CLANG_WARN_EMPTY_BODY = YES;
				CLANG_WARN_ENUM_CONVERSION = YES;
				CLANG_WARN_INT_CONVERSION = YES;
				CLANG_WARN_OBJC_ROOT_CLASS = YES_ERROR;
				CLANG_WARN__DUPLICATE_METHOD_MATCH = YES;
				COPY_PHASE_STRIP = NO;
				GCC_C_LANGUAGE_STANDARD = gnu99;
				GCC_DYNAMIC_NO_PIC = NO;
				GCC_ENABLE_OBJC_EXCEPTIONS = YES;
				GCC_OPTIMIZATION_LEVEL = 0;
				GCC_PREPROCESSOR_DEFINITIONS = (
					"DEBUG=1",
					"$(inherited)",
				);
				GCC_SYMBOLS_PRIVATE_EXTERN = NO;
				GCC_WARN_64_TO_32_BIT_CONVERSION = YES;
				GCC_WARN_ABOUT_RETURN_TYPE = YES_ERROR;
				GCC_WARN_UNDECLARED_SELECTOR = YES;
				GCC_WARN_UNINITIALIZED_AUTOS = YES;
				GCC_WARN_UNUSED_FUNCTION = YES;
				GCC_WARN_UNUSED_VARIABLE = YES;
				MACOSX_DEPLOYMENT_TARGET = 10.9;
				ONLY_ACTIVE_ARCH = YES;
				SDKROOT = macosx;
			};
			name = Debug;
		};
		83E6C6CF18828E7F006D399B /* Release */ = {
			isa = XCBuildConfiguration;
			buildSettings = {
				ALWAYS_SEARCH_USER_PATHS = NO;
				CLANG_CXX_LANGUAGE_STANDARD = "gnu++0x";
				CLANG_CXX_LIBRARY = "libc++";
				CLANG_ENABLE_OBJC_ARC = YES;
				CLANG_WARN_BOOL_CONVERSION = YES;
				CLANG_WARN_CONSTANT_CONVERSION = YES;
				CLANG_WARN_DIRECT_OBJC_ISA_USAGE = YES_ERROR;
				CLANG_WARN_EMPTY_BODY = YES;
				CLANG_WARN_ENUM_CONVERSION = YES;
				CLANG_WARN_INT_CONVERSION = YES;
				CLANG_WARN_OBJC_ROOT_CLASS = YES_ERROR;
				CLANG_WARN__DUPLICATE_METHOD_MATCH = YES;
				COPY_PHASE_STRIP = YES;
				DEBUG_INFORMATION_FORMAT = "dwarf-with-dsym";
				ENABLE_NS_ASSERTIONS = NO;
				GCC_C_LANGUAGE_STANDARD = gnu99;
				GCC_ENABLE_OBJC_EXCEPTIONS = YES;
				GCC_WARN_64_TO_32_BIT_CONVERSION = YES;
				GCC_WARN_ABOUT_RETURN_TYPE = YES_ERROR;
				GCC_WARN_UNDECLARED_SELECTOR = YES;
				GCC_WARN_UNINITIALIZED_AUTOS = YES;
				GCC_WARN_UNUSED_FUNCTION = YES;
				GCC_WARN_UNUSED_VARIABLE = YES;
				MACOSX_DEPLOYMENT_TARGET = 10.9;
				SDKROOT = macosx;
			};
			name = Release;
		};
		83E6C6D118828E7F006D399B /* Debug */ = {
			isa = XCBuildConfiguration;
			buildSettings = {
				PRODUCT_NAME = Algorithms;
			};
			name = Debug;
		};
		83E6C6D218828E7F006D399B /* Release */ = {
			isa = XCBuildConfiguration;
			buildSettings = {
				PRODUCT_NAME = Algorithms;
			};
			name = Release;
		};
/* End XCBuildConfiguration section */

/* Begin XCConfigurationList section */
		83E6C6C218828E7F006D399B /* Build configuration list for PBXProject "Algorithms" */ = {
			isa = XCConfigurationList;
			buildConfigurations = (
				83E6C6CE18828E7F006D399B /* Debug */,
				83E6C6CF18828E7F006D399B /* Release */,
			);
			defaultConfigurationIsVisible = 0;
			defaultConfigurationName = Release;
		};
		83E6C6D018828E7F006D399B /* Build configuration list for PBXNativeTarget "Algorithms" */ = {
			isa = XCConfigurationList;
			buildConfigurations = (
				83E6C6D118828E7F006D399B /* Debug */,
				83E6C6D218828E7F006D399B /* Release */,
			);
			defaultConfigurationIsVisible = 0;
			defaultConfigurationName = Release;
		};
/* End XCConfigurationList section */
	};
	rootObject = 83E6C6BF18828E7F006D399B /* Project object */;
}
